
Microsoft Visual Studio Solution File, Format Version 12.00
# Visual Studio 15
VisualStudioVersion = 15.0.26124.0
MinimumVisualStudioVersion = 15.0.26124.0
Project("{2150E333-8FDC-42A3-9474-1A3956D46DE8}") = "DNC-DShop.Api", "DNC-DShop.Api", "{728F23D2-B625-40AC-A7DD-9C953BC2E5ED}"
EndProject
Project("{2150E333-8FDC-42A3-9474-1A3956D46DE8}") = "src", "src", "{608F17B0-3CA0-44AD-8D3F-B0395BD0FFA3}"
EndProject
Project("{FAE04EC0-301F-11D3-BF4B-00C04F79EFBC}") = "DShop.Api", "DNC-DShop.Api\src\DShop.Api\DShop.Api.csproj", "{36410B16-1B0E-47D0-8A97-DBD5EC3C8DF9}"
EndProject
Project("{2150E333-8FDC-42A3-9474-1A3956D46DE8}") = "DNC-DShop.Common", "DNC-DShop.Common", "{BEB89CE7-0F39-4B3E-AB75-0D20F7FB26C5}"
EndProject
Project("{2150E333-8FDC-42A3-9474-1A3956D46DE8}") = "DNC-DShop.Services.Customers", "DNC-DShop.Services.Customers", "{A80C1764-66D1-4A34-B83D-7A402DE8F021}"
EndProject
Project("{2150E333-8FDC-42A3-9474-1A3956D46DE8}") = "src", "src", "{492CAF37-F9EA-4E1B-B710-7A8ADC0E454F}"
EndProject
Project("{FAE04EC0-301F-11D3-BF4B-00C04F79EFBC}") = "DShop.Services.Customers", "DNC-DShop.Services.Customers\src\DShop.Services.Customers\DShop.Services.Customers.csproj", "{F4EDDA4D-D85B-41DF-BB09-6FFCFD112466}"
EndProject
Project("{2150E333-8FDC-42A3-9474-1A3956D46DE8}") = "DNC-DShop.Services.Identity", "DNC-DShop.Services.Identity", "{DCC2BE56-A688-4A96-AACF-4D2743683C5F}"
EndProject
Project("{2150E333-8FDC-42A3-9474-1A3956D46DE8}") = "src", "src", "{432882B8-E393-4D2F-BC5A-79F9B5DBED56}"
EndProject
Project("{FAE04EC0-301F-11D3-BF4B-00C04F79EFBC}") = "DShop.Services.Identity", "DNC-DShop.Services.Identity\src\DShop.Services.Identity\DShop.Services.Identity.csproj", "{1093DAA2-A1B6-42F5-AD61-0BC74F11FF1A}"
EndProject
Project("{2150E333-8FDC-42A3-9474-1A3956D46DE8}") = "DNC-DShop.Services.Notifications", "DNC-DShop.Services.Notifications", "{FE6A49E5-2FFC-46C9-AAE9-CDAC2EB49EA0}"
EndProject
Project("{2150E333-8FDC-42A3-9474-1A3956D46DE8}") = "src", "src", "{452A889D-99DE-4E95-9241-62480139A012}"
EndProject
Project("{FAE04EC0-301F-11D3-BF4B-00C04F79EFBC}") = "DShop.Services.Notifications", "DNC-DShop.Services.Notifications\src\DShop.Services.Notifications\DShop.Services.Notifications.csproj", "{924D941E-FAD4-46E1-B9B7-6778B5D7F181}"
EndProject
Project("{2150E333-8FDC-42A3-9474-1A3956D46DE8}") = "DNC-DShop.Services.Operations", "DNC-DShop.Services.Operations", "{EE280E60-558C-4AB1-801E-9AB2CFB9CF53}"
EndProject
Project("{2150E333-8FDC-42A3-9474-1A3956D46DE8}") = "src", "src", "{55C88E60-8FBE-4C16-A1D6-4ED88C1FE536}"
EndProject
Project("{FAE04EC0-301F-11D3-BF4B-00C04F79EFBC}") = "DShop.Services.Operations", "DNC-DShop.Services.Operations\src\DShop.Services.Operations\DShop.Services.Operations.csproj", "{C7AD4923-725B-483B-A23C-65AC5AF73178}"
EndProject
Project("{2150E333-8FDC-42A3-9474-1A3956D46DE8}") = "DNC-DShop.Services.Orders", "DNC-DShop.Services.Orders", "{09E6D8EB-77E0-4EAD-8BDE-E1E97D34B0BB}"
EndProject
Project("{2150E333-8FDC-42A3-9474-1A3956D46DE8}") = "src", "src", "{B3E785BD-54D1-4B23-BF24-2CC942B63A24}"
EndProject
Project("{FAE04EC0-301F-11D3-BF4B-00C04F79EFBC}") = "DShop.Services.Orders", "DNC-DShop.Services.Orders\src\DShop.Services.Orders\DShop.Services.Orders.csproj", "{BD543A0F-7C1F-455F-A977-A3782D23FA5E}"
EndProject
Project("{2150E333-8FDC-42A3-9474-1A3956D46DE8}") = "DNC-DShop.Services.Products", "DNC-DShop.Services.Products", "{8FFE714B-3FDF-4A98-A145-64FF3C235678}"
EndProject
Project("{2150E333-8FDC-42A3-9474-1A3956D46DE8}") = "src", "src", "{6A0EAE88-3509-497E-B0D1-B8B3A36DF924}"
EndProject
Project("{FAE04EC0-301F-11D3-BF4B-00C04F79EFBC}") = "DShop.Services.Products", "DNC-DShop.Services.Products\src\DShop.Services.Products\DShop.Services.Products.csproj", "{218EE1E9-D570-4733-95E3-09CF932AA701}"
EndProject
Project("{2150E333-8FDC-42A3-9474-1A3956D46DE8}") = "DNC-DShop.Services.Signalr", "DNC-DShop.Services.Signalr", "{F07F0467-4D37-4AAA-A5F6-3CED079FBE0D}"
EndProject
Project("{2150E333-8FDC-42A3-9474-1A3956D46DE8}") = "src", "src", "{B1EF0630-6DEA-4CC3-9DF2-10F4AA638652}"
EndProject
Project("{FAE04EC0-301F-11D3-BF4B-00C04F79EFBC}") = "DShop.Services.Signalr", "DNC-DShop.Services.Signalr\src\DShop.Services.Signalr\DShop.Services.Signalr.csproj", "{12852EE6-7E9B-4252-96D4-1B7E47697A9B}"
EndProject
Project("{2150E333-8FDC-42A3-9474-1A3956D46DE8}") = "DNC-DShop.Services.Discounts", "DNC-DShop.Services.Discounts", "{70A34DE4-63C3-4003-9AB8-DF60AC67097C}"
EndProject
Project("{2150E333-8FDC-42A3-9474-1A3956D46DE8}") = "src", "src", "{5398CBF3-87AD-48B7-9EDD-C733CDCB75E4}"
EndProject
Project("{FAE04EC0-301F-11D3-BF4B-00C04F79EFBC}") = "DShop.Services.Discounts", "DNC-DShop.Services.Discounts\src\DShop.Services.Discounts\DShop.Services.Discounts.csproj", "{DA2BDC72-DB8D-4019-A414-207059B8254B}"
EndProject
Project("{2150E333-8FDC-42A3-9474-1A3956D46DE8}") = "tests", "tests", "{ECD507A8-6B2E-4886-A34D-C3C81BFDD7CD}"
EndProject
Project("{FAE04EC0-301F-11D3-BF4B-00C04F79EFBC}") = "DShop.Services.Discounts.Tests", "DNC-DShop.Services.Discounts\tests\DShop.Services.Discounts.Tests\DShop.Services.Discounts.Tests.csproj", "{08A9A5D0-2167-4CBB-A325-3BED660F8491}"
EndProject
Project("{FAE04EC0-301F-11D3-BF4B-00C04F79EFBC}") = "DShop.Common", "DNC-DShop.Common\src\DShop.Common\DShop.Common.csproj", "{3960CB67-C5DB-45CB-B46C-5D85E913047D}"
EndProject
Global
	GlobalSection(SolutionConfigurationPlatforms) = preSolution
		Debug|Any CPU = Debug|Any CPU
		Debug|x64 = Debug|x64
		Debug|x86 = Debug|x86
		Release|Any CPU = Release|Any CPU
		Release|x64 = Release|x64
		Release|x86 = Release|x86
	EndGlobalSection
	GlobalSection(SolutionProperties) = preSolution
		HideSolutionNode = FALSE
	EndGlobalSection
	GlobalSection(ProjectConfigurationPlatforms) = postSolution
		{36410B16-1B0E-47D0-8A97-DBD5EC3C8DF9}.Debug|Any CPU.ActiveCfg = Debug|Any CPU
		{36410B16-1B0E-47D0-8A97-DBD5EC3C8DF9}.Debug|Any CPU.Build.0 = Debug|Any CPU
		{36410B16-1B0E-47D0-8A97-DBD5EC3C8DF9}.Debug|x64.ActiveCfg = Debug|Any CPU
		{36410B16-1B0E-47D0-8A97-DBD5EC3C8DF9}.Debug|x64.Build.0 = Debug|Any CPU
		{36410B16-1B0E-47D0-8A97-DBD5EC3C8DF9}.Debug|x86.ActiveCfg = Debug|Any CPU
		{36410B16-1B0E-47D0-8A97-DBD5EC3C8DF9}.Debug|x86.Build.0 = Debug|Any CPU
		{36410B16-1B0E-47D0-8A97-DBD5EC3C8DF9}.Release|Any CPU.ActiveCfg = Release|Any CPU
		{36410B16-1B0E-47D0-8A97-DBD5EC3C8DF9}.Release|Any CPU.Build.0 = Release|Any CPU
		{36410B16-1B0E-47D0-8A97-DBD5EC3C8DF9}.Release|x64.ActiveCfg = Release|Any CPU
		{36410B16-1B0E-47D0-8A97-DBD5EC3C8DF9}.Release|x64.Build.0 = Release|Any CPU
		{36410B16-1B0E-47D0-8A97-DBD5EC3C8DF9}.Release|x86.ActiveCfg = Release|Any CPU
		{36410B16-1B0E-47D0-8A97-DBD5EC3C8DF9}.Release|x86.Build.0 = Release|Any CPU
		{F4EDDA4D-D85B-41DF-BB09-6FFCFD112466}.Debug|Any CPU.ActiveCfg = Debug|Any CPU
		{F4EDDA4D-D85B-41DF-BB09-6FFCFD112466}.Debug|Any CPU.Build.0 = Debug|Any CPU
		{F4EDDA4D-D85B-41DF-BB09-6FFCFD112466}.Debug|x64.ActiveCfg = Debug|Any CPU
		{F4EDDA4D-D85B-41DF-BB09-6FFCFD112466}.Debug|x64.Build.0 = Debug|Any CPU
		{F4EDDA4D-D85B-41DF-BB09-6FFCFD112466}.Debug|x86.ActiveCfg = Debug|Any CPU
		{F4EDDA4D-D85B-41DF-BB09-6FFCFD112466}.Debug|x86.Build.0 = Debug|Any CPU
		{F4EDDA4D-D85B-41DF-BB09-6FFCFD112466}.Release|Any CPU.ActiveCfg = Release|Any CPU
		{F4EDDA4D-D85B-41DF-BB09-6FFCFD112466}.Release|Any CPU.Build.0 = Release|Any CPU
		{F4EDDA4D-D85B-41DF-BB09-6FFCFD112466}.Release|x64.ActiveCfg = Release|Any CPU
		{F4EDDA4D-D85B-41DF-BB09-6FFCFD112466}.Release|x64.Build.0 = Release|Any CPU
		{F4EDDA4D-D85B-41DF-BB09-6FFCFD112466}.Release|x86.ActiveCfg = Release|Any CPU
		{F4EDDA4D-D85B-41DF-BB09-6FFCFD112466}.Release|x86.Build.0 = Release|Any CPU
		{1093DAA2-A1B6-42F5-AD61-0BC74F11FF1A}.Debug|Any CPU.ActiveCfg = Debug|Any CPU
		{1093DAA2-A1B6-42F5-AD61-0BC74F11FF1A}.Debug|Any CPU.Build.0 = Debug|Any CPU
		{1093DAA2-A1B6-42F5-AD61-0BC74F11FF1A}.Debug|x64.ActiveCfg = Debug|Any CPU
		{1093DAA2-A1B6-42F5-AD61-0BC74F11FF1A}.Debug|x64.Build.0 = Debug|Any CPU
		{1093DAA2-A1B6-42F5-AD61-0BC74F11FF1A}.Debug|x86.ActiveCfg = Debug|Any CPU
		{1093DAA2-A1B6-42F5-AD61-0BC74F11FF1A}.Debug|x86.Build.0 = Debug|Any CPU
		{1093DAA2-A1B6-42F5-AD61-0BC74F11FF1A}.Release|Any CPU.ActiveCfg = Release|Any CPU
		{1093DAA2-A1B6-42F5-AD61-0BC74F11FF1A}.Release|Any CPU.Build.0 = Release|Any CPU
		{1093DAA2-A1B6-42F5-AD61-0BC74F11FF1A}.Release|x64.ActiveCfg = Release|Any CPU
		{1093DAA2-A1B6-42F5-AD61-0BC74F11FF1A}.Release|x64.Build.0 = Release|Any CPU
		{1093DAA2-A1B6-42F5-AD61-0BC74F11FF1A}.Release|x86.ActiveCfg = Release|Any CPU
		{1093DAA2-A1B6-42F5-AD61-0BC74F11FF1A}.Release|x86.Build.0 = Release|Any CPU
		{924D941E-FAD4-46E1-B9B7-6778B5D7F181}.Debug|Any CPU.ActiveCfg = Debug|Any CPU
		{924D941E-FAD4-46E1-B9B7-6778B5D7F181}.Debug|Any CPU.Build.0 = Debug|Any CPU
		{924D941E-FAD4-46E1-B9B7-6778B5D7F181}.Debug|x64.ActiveCfg = Debug|Any CPU
		{924D941E-FAD4-46E1-B9B7-6778B5D7F181}.Debug|x64.Build.0 = Debug|Any CPU
		{924D941E-FAD4-46E1-B9B7-6778B5D7F181}.Debug|x86.ActiveCfg = Debug|Any CPU
		{924D941E-FAD4-46E1-B9B7-6778B5D7F181}.Debug|x86.Build.0 = Debug|Any CPU
		{924D941E-FAD4-46E1-B9B7-6778B5D7F181}.Release|Any CPU.ActiveCfg = Release|Any CPU
		{924D941E-FAD4-46E1-B9B7-6778B5D7F181}.Release|Any CPU.Build.0 = Release|Any CPU
		{924D941E-FAD4-46E1-B9B7-6778B5D7F181}.Release|x64.ActiveCfg = Release|Any CPU
		{924D941E-FAD4-46E1-B9B7-6778B5D7F181}.Release|x64.Build.0 = Release|Any CPU
		{924D941E-FAD4-46E1-B9B7-6778B5D7F181}.Release|x86.ActiveCfg = Release|Any CPU
		{924D941E-FAD4-46E1-B9B7-6778B5D7F181}.Release|x86.Build.0 = Release|Any CPU
		{C7AD4923-725B-483B-A23C-65AC5AF73178}.Debug|Any CPU.ActiveCfg = Debug|Any CPU
		{C7AD4923-725B-483B-A23C-65AC5AF73178}.Debug|Any CPU.Build.0 = Debug|Any CPU
		{C7AD4923-725B-483B-A23C-65AC5AF73178}.Debug|x64.ActiveCfg = Debug|Any CPU
		{C7AD4923-725B-483B-A23C-65AC5AF73178}.Debug|x64.Build.0 = Debug|Any CPU
		{C7AD4923-725B-483B-A23C-65AC5AF73178}.Debug|x86.ActiveCfg = Debug|Any CPU
		{C7AD4923-725B-483B-A23C-65AC5AF73178}.Debug|x86.Build.0 = Debug|Any CPU
		{C7AD4923-725B-483B-A23C-65AC5AF73178}.Release|Any CPU.ActiveCfg = Release|Any CPU
		{C7AD4923-725B-483B-A23C-65AC5AF73178}.Release|Any CPU.Build.0 = Release|Any CPU
		{C7AD4923-725B-483B-A23C-65AC5AF73178}.Release|x64.ActiveCfg = Release|Any CPU
		{C7AD4923-725B-483B-A23C-65AC5AF73178}.Release|x64.Build.0 = Release|Any CPU
		{C7AD4923-725B-483B-A23C-65AC5AF73178}.Release|x86.ActiveCfg = Release|Any CPU
		{C7AD4923-725B-483B-A23C-65AC5AF73178}.Release|x86.Build.0 = Release|Any CPU
		{BD543A0F-7C1F-455F-A977-A3782D23FA5E}.Debug|Any CPU.ActiveCfg = Debug|Any CPU
		{BD543A0F-7C1F-455F-A977-A3782D23FA5E}.Debug|Any CPU.Build.0 = Debug|Any CPU
		{BD543A0F-7C1F-455F-A977-A3782D23FA5E}.Debug|x64.ActiveCfg = Debug|Any CPU
		{BD543A0F-7C1F-455F-A977-A3782D23FA5E}.Debug|x64.Build.0 = Debug|Any CPU
		{BD543A0F-7C1F-455F-A977-A3782D23FA5E}.Debug|x86.ActiveCfg = Debug|Any CPU
		{BD543A0F-7C1F-455F-A977-A3782D23FA5E}.Debug|x86.Build.0 = Debug|Any CPU
		{BD543A0F-7C1F-455F-A977-A3782D23FA5E}.Release|Any CPU.ActiveCfg = Release|Any CPU
		{BD543A0F-7C1F-455F-A977-A3782D23FA5E}.Release|Any CPU.Build.0 = Release|Any CPU
		{BD543A0F-7C1F-455F-A977-A3782D23FA5E}.Release|x64.ActiveCfg = Release|Any CPU
		{BD543A0F-7C1F-455F-A977-A3782D23FA5E}.Release|x64.Build.0 = Release|Any CPU
		{BD543A0F-7C1F-455F-A977-A3782D23FA5E}.Release|x86.ActiveCfg = Release|Any CPU
		{BD543A0F-7C1F-455F-A977-A3782D23FA5E}.Release|x86.Build.0 = Release|Any CPU
		{218EE1E9-D570-4733-95E3-09CF932AA701}.Debug|Any CPU.ActiveCfg = Debug|Any CPU
		{218EE1E9-D570-4733-95E3-09CF932AA701}.Debug|Any CPU.Build.0 = Debug|Any CPU
		{218EE1E9-D570-4733-95E3-09CF932AA701}.Debug|x64.ActiveCfg = Debug|Any CPU
		{218EE1E9-D570-4733-95E3-09CF932AA701}.Debug|x64.Build.0 = Debug|Any CPU
		{218EE1E9-D570-4733-95E3-09CF932AA701}.Debug|x86.ActiveCfg = Debug|Any CPU
		{218EE1E9-D570-4733-95E3-09CF932AA701}.Debug|x86.Build.0 = Debug|Any CPU
		{218EE1E9-D570-4733-95E3-09CF932AA701}.Release|Any CPU.ActiveCfg = Release|Any CPU
		{218EE1E9-D570-4733-95E3-09CF932AA701}.Release|Any CPU.Build.0 = Release|Any CPU
		{218EE1E9-D570-4733-95E3-09CF932AA701}.Release|x64.ActiveCfg = Release|Any CPU
		{218EE1E9-D570-4733-95E3-09CF932AA701}.Release|x64.Build.0 = Release|Any CPU
		{218EE1E9-D570-4733-95E3-09CF932AA701}.Release|x86.ActiveCfg = Release|Any CPU
		{218EE1E9-D570-4733-95E3-09CF932AA701}.Release|x86.Build.0 = Release|Any CPU
		{12852EE6-7E9B-4252-96D4-1B7E47697A9B}.Debug|Any CPU.ActiveCfg = Debug|Any CPU
		{12852EE6-7E9B-4252-96D4-1B7E47697A9B}.Debug|Any CPU.Build.0 = Debug|Any CPU
		{12852EE6-7E9B-4252-96D4-1B7E47697A9B}.Debug|x64.ActiveCfg = Debug|Any CPU
		{12852EE6-7E9B-4252-96D4-1B7E47697A9B}.Debug|x64.Build.0 = Debug|Any CPU
		{12852EE6-7E9B-4252-96D4-1B7E47697A9B}.Debug|x86.ActiveCfg = Debug|Any CPU
		{12852EE6-7E9B-4252-96D4-1B7E47697A9B}.Debug|x86.Build.0 = Debug|Any CPU
		{12852EE6-7E9B-4252-96D4-1B7E47697A9B}.Release|Any CPU.ActiveCfg = Release|Any CPU
		{12852EE6-7E9B-4252-96D4-1B7E47697A9B}.Release|Any CPU.Build.0 = Release|Any CPU
		{12852EE6-7E9B-4252-96D4-1B7E47697A9B}.Release|x64.ActiveCfg = Release|Any CPU
		{12852EE6-7E9B-4252-96D4-1B7E47697A9B}.Release|x64.Build.0 = Release|Any CPU
		{12852EE6-7E9B-4252-96D4-1B7E47697A9B}.Release|x86.ActiveCfg = Release|Any CPU
		{12852EE6-7E9B-4252-96D4-1B7E47697A9B}.Release|x86.Build.0 = Release|Any CPU
		{DA2BDC72-DB8D-4019-A414-207059B8254B}.Debug|Any CPU.ActiveCfg = Debug|Any CPU
		{DA2BDC72-DB8D-4019-A414-207059B8254B}.Debug|Any CPU.Build.0 = Debug|Any CPU
		{DA2BDC72-DB8D-4019-A414-207059B8254B}.Debug|x64.ActiveCfg = Debug|Any CPU
		{DA2BDC72-DB8D-4019-A414-207059B8254B}.Debug|x64.Build.0 = Debug|Any CPU
		{DA2BDC72-DB8D-4019-A414-207059B8254B}.Debug|x86.ActiveCfg = Debug|Any CPU
		{DA2BDC72-DB8D-4019-A414-207059B8254B}.Debug|x86.Build.0 = Debug|Any CPU
		{DA2BDC72-DB8D-4019-A414-207059B8254B}.Release|Any CPU.ActiveCfg = Release|Any CPU
		{DA2BDC72-DB8D-4019-A414-207059B8254B}.Release|Any CPU.Build.0 = Release|Any CPU
		{DA2BDC72-DB8D-4019-A414-207059B8254B}.Release|x64.ActiveCfg = Release|Any CPU
		{DA2BDC72-DB8D-4019-A414-207059B8254B}.Release|x64.Build.0 = Release|Any CPU
		{DA2BDC72-DB8D-4019-A414-207059B8254B}.Release|x86.ActiveCfg = Release|Any CPU
		{DA2BDC72-DB8D-4019-A414-207059B8254B}.Release|x86.Build.0 = Release|Any CPU
		{08A9A5D0-2167-4CBB-A325-3BED660F8491}.Debug|Any CPU.ActiveCfg = Debug|Any CPU
		{08A9A5D0-2167-4CBB-A325-3BED660F8491}.Debug|Any CPU.Build.0 = Debug|Any CPU
		{08A9A5D0-2167-4CBB-A325-3BED660F8491}.Debug|x64.ActiveCfg = Debug|Any CPU
		{08A9A5D0-2167-4CBB-A325-3BED660F8491}.Debug|x64.Build.0 = Debug|Any CPU
		{08A9A5D0-2167-4CBB-A325-3BED660F8491}.Debug|x86.ActiveCfg = Debug|Any CPU
		{08A9A5D0-2167-4CBB-A325-3BED660F8491}.Debug|x86.Build.0 = Debug|Any CPU
		{08A9A5D0-2167-4CBB-A325-3BED660F8491}.Release|Any CPU.ActiveCfg = Release|Any CPU
		{08A9A5D0-2167-4CBB-A325-3BED660F8491}.Release|Any CPU.Build.0 = Release|Any CPU
		{08A9A5D0-2167-4CBB-A325-3BED660F8491}.Release|x64.ActiveCfg = Release|Any CPU
		{08A9A5D0-2167-4CBB-A325-3BED660F8491}.Release|x64.Build.0 = Release|Any CPU
		{08A9A5D0-2167-4CBB-A325-3BED660F8491}.Release|x86.ActiveCfg = Release|Any CPU
		{08A9A5D0-2167-4CBB-A325-3BED660F8491}.Release|x86.Build.0 = Release|Any CPU
		{3960CB67-C5DB-45CB-B46C-5D85E913047D}.Debug|Any CPU.ActiveCfg = Debug|Any CPU
		{3960CB67-C5DB-45CB-B46C-5D85E913047D}.Debug|Any CPU.Build.0 = Debug|Any CPU
		{3960CB67-C5DB-45CB-B46C-5D85E913047D}.Debug|x64.ActiveCfg = Debug|Any CPU
		{3960CB67-C5DB-45CB-B46C-5D85E913047D}.Debug|x64.Build.0 = Debug|Any CPU
		{3960CB67-C5DB-45CB-B46C-5D85E913047D}.Debug|x86.ActiveCfg = Debug|Any CPU
		{3960CB67-C5DB-45CB-B46C-5D85E913047D}.Debug|x86.Build.0 = Debug|Any CPU
		{3960CB67-C5DB-45CB-B46C-5D85E913047D}.Release|Any CPU.ActiveCfg = Release|Any CPU
		{3960CB67-C5DB-45CB-B46C-5D85E913047D}.Release|Any CPU.Build.0 = Release|Any CPU
		{3960CB67-C5DB-45CB-B46C-5D85E913047D}.Release|x64.ActiveCfg = Release|Any CPU
		{3960CB67-C5DB-45CB-B46C-5D85E913047D}.Release|x64.Build.0 = Release|Any CPU
		{3960CB67-C5DB-45CB-B46C-5D85E913047D}.Release|x86.ActiveCfg = Release|Any CPU
		{3960CB67-C5DB-45CB-B46C-5D85E913047D}.Release|x86.Build.0 = Release|Any CPU
	EndGlobalSection
	GlobalSection(NestedProjects) = preSolution
		{608F17B0-3CA0-44AD-8D3F-B0395BD0FFA3} = {728F23D2-B625-40AC-A7DD-9C953BC2E5ED}
		{36410B16-1B0E-47D0-8A97-DBD5EC3C8DF9} = {608F17B0-3CA0-44AD-8D3F-B0395BD0FFA3}
		{492CAF37-F9EA-4E1B-B710-7A8ADC0E454F} = {A80C1764-66D1-4A34-B83D-7A402DE8F021}
		{F4EDDA4D-D85B-41DF-BB09-6FFCFD112466} = {492CAF37-F9EA-4E1B-B710-7A8ADC0E454F}
		{432882B8-E393-4D2F-BC5A-79F9B5DBED56} = {DCC2BE56-A688-4A96-AACF-4D2743683C5F}
		{1093DAA2-A1B6-42F5-AD61-0BC74F11FF1A} = {432882B8-E393-4D2F-BC5A-79F9B5DBED56}
		{452A889D-99DE-4E95-9241-62480139A012} = {FE6A49E5-2FFC-46C9-AAE9-CDAC2EB49EA0}
		{924D941E-FAD4-46E1-B9B7-6778B5D7F181} = {452A889D-99DE-4E95-9241-62480139A012}
		{55C88E60-8FBE-4C16-A1D6-4ED88C1FE536} = {EE280E60-558C-4AB1-801E-9AB2CFB9CF53}
		{C7AD4923-725B-483B-A23C-65AC5AF73178} = {55C88E60-8FBE-4C16-A1D6-4ED88C1FE536}
		{B3E785BD-54D1-4B23-BF24-2CC942B63A24} = {09E6D8EB-77E0-4EAD-8BDE-E1E97D34B0BB}
		{BD543A0F-7C1F-455F-A977-A3782D23FA5E} = {B3E785BD-54D1-4B23-BF24-2CC942B63A24}
		{6A0EAE88-3509-497E-B0D1-B8B3A36DF924} = {8FFE714B-3FDF-4A98-A145-64FF3C235678}
		{218EE1E9-D570-4733-95E3-09CF932AA701} = {6A0EAE88-3509-497E-B0D1-B8B3A36DF924}
		{B1EF0630-6DEA-4CC3-9DF2-10F4AA638652} = {F07F0467-4D37-4AAA-A5F6-3CED079FBE0D}
		{12852EE6-7E9B-4252-96D4-1B7E47697A9B} = {B1EF0630-6DEA-4CC3-9DF2-10F4AA638652}
		{5398CBF3-87AD-48B7-9EDD-C733CDCB75E4} = {70A34DE4-63C3-4003-9AB8-DF60AC67097C}
		{DA2BDC72-DB8D-4019-A414-207059B8254B} = {5398CBF3-87AD-48B7-9EDD-C733CDCB75E4}
		{ECD507A8-6B2E-4886-A34D-C3C81BFDD7CD} = {70A34DE4-63C3-4003-9AB8-DF60AC67097C}
		{08A9A5D0-2167-4CBB-A325-3BED660F8491} = {ECD507A8-6B2E-4886-A34D-C3C81BFDD7CD}
		{3960CB67-C5DB-45CB-B46C-5D85E913047D} = {BEB89CE7-0F39-4B3E-AB75-0D20F7FB26C5}
	EndGlobalSection
EndGlobal
