
Microsoft Visual Studio Solution File, Format Version 12.00
# Visual Studio 15
VisualStudioVersion = 15.0.26124.0
MinimumVisualStudioVersion = 15.0.26124.0
Project("{2150E333-8FDC-42A3-9474-1A3956D46DE8}") = "Pacco.Services.Availability", "Pacco.Services.Availability", "{03040EA5-C4AA-4975-8152-EA8A5C251FB9}"
EndProject
Project("{FAE04EC0-301F-11D3-BF4B-00C04F79EFBC}") = "Pacco.Services.Availability.Api", "Pacco.Services.Availability\src\Pacco.Services.Availability.Api\Pacco.Services.Availability.Api.csproj", "{9261C25B-8FC8-448E-A5F3-613F58DEA069}"
EndProject
Project("{FAE04EC0-301F-11D3-BF4B-00C04F79EFBC}") = "Pacco.Services.Availability.Application", "Pacco.Services.Availability\src\Pacco.Services.Availability.Application\Pacco.Services.Availability.Application.csproj", "{55311C49-2CBD-4617-ABE1-4E352F37145B}"
EndProject
Project("{FAE04EC0-301F-11D3-BF4B-00C04F79EFBC}") = "Pacco.Services.Availability.Core", "Pacco.Services.Availability\src\Pacco.Services.Availability.Core\Pacco.Services.Availability.Core.csproj", "{9EA529C2-CC4C-42B4-B0A0-557BDA4AF97C}"
EndProject
Project("{FAE04EC0-301F-11D3-BF4B-00C04F79EFBC}") = "Pacco.Services.Availability.Infrastructure", "Pacco.Services.Availability\src\Pacco.Services.Availability.Infrastructure\Pacco.Services.Availability.Infrastructure.csproj", "{F0548B93-D307-463A-AE33-794B17DB3455}"
EndProject
Project("{2150E333-8FDC-42A3-9474-1A3956D46DE8}") = "MicroPack", "MicroPack", "{D15AA996-012D-4DFD-80F5-5763A8ED6656}"
EndProject
Project("{FAE04EC0-301F-11D3-BF4B-00C04F79EFBC}") = "MicroPack", "MicroPack\src\MicroPack.csproj", "{04965783-A24D-48CF-AC11-7E64CA2C7422}"
EndProject
Project("{2150E333-8FDC-42A3-9474-1A3956D46DE8}") = "Pacco.Services.Identity", "Pacco.Services.Identity", "{979B3191-8EDF-42E3-B43B-3014E0DFDD64}"
EndProject
Project("{2150E333-8FDC-42A3-9474-1A3956D46DE8}") = "Pacco.Services.Customers", "Pacco.Services.Customers", "{B618DD6A-6620-4652-A727-A3B309538788}"
EndProject
Project("{FAE04EC0-301F-11D3-BF4B-00C04F79EFBC}") = "Pacco.Services.Customers.Api", "Pacco.Services.Customers\src\Pacco.Services.Customers.Api\Pacco.Services.Customers.Api.csproj", "{6A537AEA-7D42-4288-89CB-A04164579944}"
EndProject
Project("{FAE04EC0-301F-11D3-BF4B-00C04F79EFBC}") = "Pacco.Services.Customers.Application", "Pacco.Services.Customers\src\Pacco.Services.Customers.Application\Pacco.Services.Customers.Application.csproj", "{3F6B92FB-B0AD-4A9F-BEC4-234480D0F666}"
EndProject
Project("{FAE04EC0-301F-11D3-BF4B-00C04F79EFBC}") = "Pacco.Services.Customers.Core", "Pacco.Services.Customers\src\Pacco.Services.Customers.Core\Pacco.Services.Customers.Core.csproj", "{FAB6D79B-C3CD-4322-9ABA-3AD14168649F}"
EndProject
Project("{FAE04EC0-301F-11D3-BF4B-00C04F79EFBC}") = "Pacco.Services.Customers.Infrastructure", "Pacco.Services.Customers\src\Pacco.Services.Customers.Infrastructure\Pacco.Services.Customers.Infrastructure.csproj", "{10BF5E73-D1DD-4B0E-B1F3-226387D30600}"
EndProject
Project("{FAE04EC0-301F-11D3-BF4B-00C04F79EFBC}") = "Pacco.Services.Identity.Api", "Pacco.Services.Identity\src\Pacco.Services.Identity.Api\Pacco.Services.Identity.Api.csproj", "{7237DA7D-8328-4B16-B700-B380898B5E03}"
EndProject
Project("{FAE04EC0-301F-11D3-BF4B-00C04F79EFBC}") = "Pacco.Services.Identity.Application", "Pacco.Services.Identity\src\Pacco.Services.Identity.Application\Pacco.Services.Identity.Application.csproj", "{6BB63DCF-F772-4C30-84C8-40814A425483}"
EndProject
Project("{FAE04EC0-301F-11D3-BF4B-00C04F79EFBC}") = "Pacco.Services.Identity.Core", "Pacco.Services.Identity\src\Pacco.Services.Identity.Core\Pacco.Services.Identity.Core.csproj", "{9F20BDD5-4424-4C9C-B480-0E9D29C5DB68}"
EndProject
Project("{FAE04EC0-301F-11D3-BF4B-00C04F79EFBC}") = "Pacco.Services.Identity.Infrastructure", "Pacco.Services.Identity\src\Pacco.Services.Identity.Infrastructure\Pacco.Services.Identity.Infrastructure.csproj", "{30B4AFB2-509F-48B0-80F7-088381CF5E85}"
EndProject
Global
	GlobalSection(SolutionConfigurationPlatforms) = preSolution
		Debug|Any CPU = Debug|Any CPU
		Debug|x64 = Debug|x64
		Debug|x86 = Debug|x86
		Release|Any CPU = Release|Any CPU
		Release|x64 = Release|x64
		Release|x86 = Release|x86
	EndGlobalSection
	GlobalSection(SolutionProperties) = preSolution
		HideSolutionNode = FALSE
	EndGlobalSection
	GlobalSection(ProjectConfigurationPlatforms) = postSolution
		{9261C25B-8FC8-448E-A5F3-613F58DEA069}.Debug|Any CPU.ActiveCfg = Debug|Any CPU
		{9261C25B-8FC8-448E-A5F3-613F58DEA069}.Debug|Any CPU.Build.0 = Debug|Any CPU
		{9261C25B-8FC8-448E-A5F3-613F58DEA069}.Debug|x64.ActiveCfg = Debug|Any CPU
		{9261C25B-8FC8-448E-A5F3-613F58DEA069}.Debug|x64.Build.0 = Debug|Any CPU
		{9261C25B-8FC8-448E-A5F3-613F58DEA069}.Debug|x86.ActiveCfg = Debug|Any CPU
		{9261C25B-8FC8-448E-A5F3-613F58DEA069}.Debug|x86.Build.0 = Debug|Any CPU
		{9261C25B-8FC8-448E-A5F3-613F58DEA069}.Release|Any CPU.ActiveCfg = Release|Any CPU
		{9261C25B-8FC8-448E-A5F3-613F58DEA069}.Release|Any CPU.Build.0 = Release|Any CPU
		{9261C25B-8FC8-448E-A5F3-613F58DEA069}.Release|x64.ActiveCfg = Release|Any CPU
		{9261C25B-8FC8-448E-A5F3-613F58DEA069}.Release|x64.Build.0 = Release|Any CPU
		{9261C25B-8FC8-448E-A5F3-613F58DEA069}.Release|x86.ActiveCfg = Release|Any CPU
		{9261C25B-8FC8-448E-A5F3-613F58DEA069}.Release|x86.Build.0 = Release|Any CPU
		{55311C49-2CBD-4617-ABE1-4E352F37145B}.Debug|Any CPU.ActiveCfg = Debug|Any CPU
		{55311C49-2CBD-4617-ABE1-4E352F37145B}.Debug|Any CPU.Build.0 = Debug|Any CPU
		{55311C49-2CBD-4617-ABE1-4E352F37145B}.Debug|x64.ActiveCfg = Debug|Any CPU
		{55311C49-2CBD-4617-ABE1-4E352F37145B}.Debug|x64.Build.0 = Debug|Any CPU
		{55311C49-2CBD-4617-ABE1-4E352F37145B}.Debug|x86.ActiveCfg = Debug|Any CPU
		{55311C49-2CBD-4617-ABE1-4E352F37145B}.Debug|x86.Build.0 = Debug|Any CPU
		{55311C49-2CBD-4617-ABE1-4E352F37145B}.Release|Any CPU.ActiveCfg = Release|Any CPU
		{55311C49-2CBD-4617-ABE1-4E352F37145B}.Release|Any CPU.Build.0 = Release|Any CPU
		{55311C49-2CBD-4617-ABE1-4E352F37145B}.Release|x64.ActiveCfg = Release|Any CPU
		{55311C49-2CBD-4617-ABE1-4E352F37145B}.Release|x64.Build.0 = Release|Any CPU
		{55311C49-2CBD-4617-ABE1-4E352F37145B}.Release|x86.ActiveCfg = Release|Any CPU
		{55311C49-2CBD-4617-ABE1-4E352F37145B}.Release|x86.Build.0 = Release|Any CPU
		{9EA529C2-CC4C-42B4-B0A0-557BDA4AF97C}.Debug|Any CPU.ActiveCfg = Debug|Any CPU
		{9EA529C2-CC4C-42B4-B0A0-557BDA4AF97C}.Debug|Any CPU.Build.0 = Debug|Any CPU
		{9EA529C2-CC4C-42B4-B0A0-557BDA4AF97C}.Debug|x64.ActiveCfg = Debug|Any CPU
		{9EA529C2-CC4C-42B4-B0A0-557BDA4AF97C}.Debug|x64.Build.0 = Debug|Any CPU
		{9EA529C2-CC4C-42B4-B0A0-557BDA4AF97C}.Debug|x86.ActiveCfg = Debug|Any CPU
		{9EA529C2-CC4C-42B4-B0A0-557BDA4AF97C}.Debug|x86.Build.0 = Debug|Any CPU
		{9EA529C2-CC4C-42B4-B0A0-557BDA4AF97C}.Release|Any CPU.ActiveCfg = Release|Any CPU
		{9EA529C2-CC4C-42B4-B0A0-557BDA4AF97C}.Release|Any CPU.Build.0 = Release|Any CPU
		{9EA529C2-CC4C-42B4-B0A0-557BDA4AF97C}.Release|x64.ActiveCfg = Release|Any CPU
		{9EA529C2-CC4C-42B4-B0A0-557BDA4AF97C}.Release|x64.Build.0 = Release|Any CPU
		{9EA529C2-CC4C-42B4-B0A0-557BDA4AF97C}.Release|x86.ActiveCfg = Release|Any CPU
		{9EA529C2-CC4C-42B4-B0A0-557BDA4AF97C}.Release|x86.Build.0 = Release|Any CPU
		{F0548B93-D307-463A-AE33-794B17DB3455}.Debug|Any CPU.ActiveCfg = Debug|Any CPU
		{F0548B93-D307-463A-AE33-794B17DB3455}.Debug|Any CPU.Build.0 = Debug|Any CPU
		{F0548B93-D307-463A-AE33-794B17DB3455}.Debug|x64.ActiveCfg = Debug|Any CPU
		{F0548B93-D307-463A-AE33-794B17DB3455}.Debug|x64.Build.0 = Debug|Any CPU
		{F0548B93-D307-463A-AE33-794B17DB3455}.Debug|x86.ActiveCfg = Debug|Any CPU
		{F0548B93-D307-463A-AE33-794B17DB3455}.Debug|x86.Build.0 = Debug|Any CPU
		{F0548B93-D307-463A-AE33-794B17DB3455}.Release|Any CPU.ActiveCfg = Release|Any CPU
		{F0548B93-D307-463A-AE33-794B17DB3455}.Release|Any CPU.Build.0 = Release|Any CPU
		{F0548B93-D307-463A-AE33-794B17DB3455}.Release|x64.ActiveCfg = Release|Any CPU
		{F0548B93-D307-463A-AE33-794B17DB3455}.Release|x64.Build.0 = Release|Any CPU
		{F0548B93-D307-463A-AE33-794B17DB3455}.Release|x86.ActiveCfg = Release|Any CPU
		{F0548B93-D307-463A-AE33-794B17DB3455}.Release|x86.Build.0 = Release|Any CPU
		{04965783-A24D-48CF-AC11-7E64CA2C7422}.Debug|Any CPU.ActiveCfg = Debug|Any CPU
		{04965783-A24D-48CF-AC11-7E64CA2C7422}.Debug|Any CPU.Build.0 = Debug|Any CPU
		{04965783-A24D-48CF-AC11-7E64CA2C7422}.Debug|x64.ActiveCfg = Debug|Any CPU
		{04965783-A24D-48CF-AC11-7E64CA2C7422}.Debug|x64.Build.0 = Debug|Any CPU
		{04965783-A24D-48CF-AC11-7E64CA2C7422}.Debug|x86.ActiveCfg = Debug|Any CPU
		{04965783-A24D-48CF-AC11-7E64CA2C7422}.Debug|x86.Build.0 = Debug|Any CPU
		{04965783-A24D-48CF-AC11-7E64CA2C7422}.Release|Any CPU.ActiveCfg = Release|Any CPU
		{04965783-A24D-48CF-AC11-7E64CA2C7422}.Release|Any CPU.Build.0 = Release|Any CPU
		{04965783-A24D-48CF-AC11-7E64CA2C7422}.Release|x64.ActiveCfg = Release|Any CPU
		{04965783-A24D-48CF-AC11-7E64CA2C7422}.Release|x64.Build.0 = Release|Any CPU
		{04965783-A24D-48CF-AC11-7E64CA2C7422}.Release|x86.ActiveCfg = Release|Any CPU
		{04965783-A24D-48CF-AC11-7E64CA2C7422}.Release|x86.Build.0 = Release|Any CPU
		{6A537AEA-7D42-4288-89CB-A04164579944}.Debug|Any CPU.ActiveCfg = Debug|Any CPU
		{6A537AEA-7D42-4288-89CB-A04164579944}.Debug|Any CPU.Build.0 = Debug|Any CPU
		{6A537AEA-7D42-4288-89CB-A04164579944}.Debug|x64.ActiveCfg = Debug|Any CPU
		{6A537AEA-7D42-4288-89CB-A04164579944}.Debug|x64.Build.0 = Debug|Any CPU
		{6A537AEA-7D42-4288-89CB-A04164579944}.Debug|x86.ActiveCfg = Debug|Any CPU
		{6A537AEA-7D42-4288-89CB-A04164579944}.Debug|x86.Build.0 = Debug|Any CPU
		{6A537AEA-7D42-4288-89CB-A04164579944}.Release|Any CPU.ActiveCfg = Release|Any CPU
		{6A537AEA-7D42-4288-89CB-A04164579944}.Release|Any CPU.Build.0 = Release|Any CPU
		{6A537AEA-7D42-4288-89CB-A04164579944}.Release|x64.ActiveCfg = Release|Any CPU
		{6A537AEA-7D42-4288-89CB-A04164579944}.Release|x64.Build.0 = Release|Any CPU
		{6A537AEA-7D42-4288-89CB-A04164579944}.Release|x86.ActiveCfg = Release|Any CPU
		{6A537AEA-7D42-4288-89CB-A04164579944}.Release|x86.Build.0 = Release|Any CPU
		{3F6B92FB-B0AD-4A9F-BEC4-234480D0F666}.Debug|Any CPU.ActiveCfg = Debug|Any CPU
		{3F6B92FB-B0AD-4A9F-BEC4-234480D0F666}.Debug|Any CPU.Build.0 = Debug|Any CPU
		{3F6B92FB-B0AD-4A9F-BEC4-234480D0F666}.Debug|x64.ActiveCfg = Debug|Any CPU
		{3F6B92FB-B0AD-4A9F-BEC4-234480D0F666}.Debug|x64.Build.0 = Debug|Any CPU
		{3F6B92FB-B0AD-4A9F-BEC4-234480D0F666}.Debug|x86.ActiveCfg = Debug|Any CPU
		{3F6B92FB-B0AD-4A9F-BEC4-234480D0F666}.Debug|x86.Build.0 = Debug|Any CPU
		{3F6B92FB-B0AD-4A9F-BEC4-234480D0F666}.Release|Any CPU.ActiveCfg = Release|Any CPU
		{3F6B92FB-B0AD-4A9F-BEC4-234480D0F666}.Release|Any CPU.Build.0 = Release|Any CPU
		{3F6B92FB-B0AD-4A9F-BEC4-234480D0F666}.Release|x64.ActiveCfg = Release|Any CPU
		{3F6B92FB-B0AD-4A9F-BEC4-234480D0F666}.Release|x64.Build.0 = Release|Any CPU
		{3F6B92FB-B0AD-4A9F-BEC4-234480D0F666}.Release|x86.ActiveCfg = Release|Any CPU
		{3F6B92FB-B0AD-4A9F-BEC4-234480D0F666}.Release|x86.Build.0 = Release|Any CPU
		{FAB6D79B-C3CD-4322-9ABA-3AD14168649F}.Debug|Any CPU.ActiveCfg = Debug|Any CPU
		{FAB6D79B-C3CD-4322-9ABA-3AD14168649F}.Debug|Any CPU.Build.0 = Debug|Any CPU
		{FAB6D79B-C3CD-4322-9ABA-3AD14168649F}.Debug|x64.ActiveCfg = Debug|Any CPU
		{FAB6D79B-C3CD-4322-9ABA-3AD14168649F}.Debug|x64.Build.0 = Debug|Any CPU
		{FAB6D79B-C3CD-4322-9ABA-3AD14168649F}.Debug|x86.ActiveCfg = Debug|Any CPU
		{FAB6D79B-C3CD-4322-9ABA-3AD14168649F}.Debug|x86.Build.0 = Debug|Any CPU
		{FAB6D79B-C3CD-4322-9ABA-3AD14168649F}.Release|Any CPU.ActiveCfg = Release|Any CPU
		{FAB6D79B-C3CD-4322-9ABA-3AD14168649F}.Release|Any CPU.Build.0 = Release|Any CPU
		{FAB6D79B-C3CD-4322-9ABA-3AD14168649F}.Release|x64.ActiveCfg = Release|Any CPU
		{FAB6D79B-C3CD-4322-9ABA-3AD14168649F}.Release|x64.Build.0 = Release|Any CPU
		{FAB6D79B-C3CD-4322-9ABA-3AD14168649F}.Release|x86.ActiveCfg = Release|Any CPU
		{FAB6D79B-C3CD-4322-9ABA-3AD14168649F}.Release|x86.Build.0 = Release|Any CPU
		{10BF5E73-D1DD-4B0E-B1F3-226387D30600}.Debug|Any CPU.ActiveCfg = Debug|Any CPU
		{10BF5E73-D1DD-4B0E-B1F3-226387D30600}.Debug|Any CPU.Build.0 = Debug|Any CPU
		{10BF5E73-D1DD-4B0E-B1F3-226387D30600}.Debug|x64.ActiveCfg = Debug|Any CPU
		{10BF5E73-D1DD-4B0E-B1F3-226387D30600}.Debug|x64.Build.0 = Debug|Any CPU
		{10BF5E73-D1DD-4B0E-B1F3-226387D30600}.Debug|x86.ActiveCfg = Debug|Any CPU
		{10BF5E73-D1DD-4B0E-B1F3-226387D30600}.Debug|x86.Build.0 = Debug|Any CPU
		{10BF5E73-D1DD-4B0E-B1F3-226387D30600}.Release|Any CPU.ActiveCfg = Release|Any CPU
		{10BF5E73-D1DD-4B0E-B1F3-226387D30600}.Release|Any CPU.Build.0 = Release|Any CPU
		{10BF5E73-D1DD-4B0E-B1F3-226387D30600}.Release|x64.ActiveCfg = Release|Any CPU
		{10BF5E73-D1DD-4B0E-B1F3-226387D30600}.Release|x64.Build.0 = Release|Any CPU
		{10BF5E73-D1DD-4B0E-B1F3-226387D30600}.Release|x86.ActiveCfg = Release|Any CPU
		{10BF5E73-D1DD-4B0E-B1F3-226387D30600}.Release|x86.Build.0 = Release|Any CPU
		{7237DA7D-8328-4B16-B700-B380898B5E03}.Debug|Any CPU.ActiveCfg = Debug|Any CPU
		{7237DA7D-8328-4B16-B700-B380898B5E03}.Debug|Any CPU.Build.0 = Debug|Any CPU
		{7237DA7D-8328-4B16-B700-B380898B5E03}.Debug|x64.ActiveCfg = Debug|Any CPU
		{7237DA7D-8328-4B16-B700-B380898B5E03}.Debug|x64.Build.0 = Debug|Any CPU
		{7237DA7D-8328-4B16-B700-B380898B5E03}.Debug|x86.ActiveCfg = Debug|Any CPU
		{7237DA7D-8328-4B16-B700-B380898B5E03}.Debug|x86.Build.0 = Debug|Any CPU
		{7237DA7D-8328-4B16-B700-B380898B5E03}.Release|Any CPU.ActiveCfg = Release|Any CPU
		{7237DA7D-8328-4B16-B700-B380898B5E03}.Release|Any CPU.Build.0 = Release|Any CPU
		{7237DA7D-8328-4B16-B700-B380898B5E03}.Release|x64.ActiveCfg = Release|Any CPU
		{7237DA7D-8328-4B16-B700-B380898B5E03}.Release|x64.Build.0 = Release|Any CPU
		{7237DA7D-8328-4B16-B700-B380898B5E03}.Release|x86.ActiveCfg = Release|Any CPU
		{7237DA7D-8328-4B16-B700-B380898B5E03}.Release|x86.Build.0 = Release|Any CPU
		{6BB63DCF-F772-4C30-84C8-40814A425483}.Debug|Any CPU.ActiveCfg = Debug|Any CPU
		{6BB63DCF-F772-4C30-84C8-40814A425483}.Debug|Any CPU.Build.0 = Debug|Any CPU
		{6BB63DCF-F772-4C30-84C8-40814A425483}.Debug|x64.ActiveCfg = Debug|Any CPU
		{6BB63DCF-F772-4C30-84C8-40814A425483}.Debug|x64.Build.0 = Debug|Any CPU
		{6BB63DCF-F772-4C30-84C8-40814A425483}.Debug|x86.ActiveCfg = Debug|Any CPU
		{6BB63DCF-F772-4C30-84C8-40814A425483}.Debug|x86.Build.0 = Debug|Any CPU
		{6BB63DCF-F772-4C30-84C8-40814A425483}.Release|Any CPU.ActiveCfg = Release|Any CPU
		{6BB63DCF-F772-4C30-84C8-40814A425483}.Release|Any CPU.Build.0 = Release|Any CPU
		{6BB63DCF-F772-4C30-84C8-40814A425483}.Release|x64.ActiveCfg = Release|Any CPU
		{6BB63DCF-F772-4C30-84C8-40814A425483}.Release|x64.Build.0 = Release|Any CPU
		{6BB63DCF-F772-4C30-84C8-40814A425483}.Release|x86.ActiveCfg = Release|Any CPU
		{6BB63DCF-F772-4C30-84C8-40814A425483}.Release|x86.Build.0 = Release|Any CPU
		{9F20BDD5-4424-4C9C-B480-0E9D29C5DB68}.Debug|Any CPU.ActiveCfg = Debug|Any CPU
		{9F20BDD5-4424-4C9C-B480-0E9D29C5DB68}.Debug|Any CPU.Build.0 = Debug|Any CPU
		{9F20BDD5-4424-4C9C-B480-0E9D29C5DB68}.Debug|x64.ActiveCfg = Debug|Any CPU
		{9F20BDD5-4424-4C9C-B480-0E9D29C5DB68}.Debug|x64.Build.0 = Debug|Any CPU
		{9F20BDD5-4424-4C9C-B480-0E9D29C5DB68}.Debug|x86.ActiveCfg = Debug|Any CPU
		{9F20BDD5-4424-4C9C-B480-0E9D29C5DB68}.Debug|x86.Build.0 = Debug|Any CPU
		{9F20BDD5-4424-4C9C-B480-0E9D29C5DB68}.Release|Any CPU.ActiveCfg = Release|Any CPU
		{9F20BDD5-4424-4C9C-B480-0E9D29C5DB68}.Release|Any CPU.Build.0 = Release|Any CPU
		{9F20BDD5-4424-4C9C-B480-0E9D29C5DB68}.Release|x64.ActiveCfg = Release|Any CPU
		{9F20BDD5-4424-4C9C-B480-0E9D29C5DB68}.Release|x64.Build.0 = Release|Any CPU
		{9F20BDD5-4424-4C9C-B480-0E9D29C5DB68}.Release|x86.ActiveCfg = Release|Any CPU
		{9F20BDD5-4424-4C9C-B480-0E9D29C5DB68}.Release|x86.Build.0 = Release|Any CPU
		{30B4AFB2-509F-48B0-80F7-088381CF5E85}.Debug|Any CPU.ActiveCfg = Debug|Any CPU
		{30B4AFB2-509F-48B0-80F7-088381CF5E85}.Debug|Any CPU.Build.0 = Debug|Any CPU
		{30B4AFB2-509F-48B0-80F7-088381CF5E85}.Debug|x64.ActiveCfg = Debug|Any CPU
		{30B4AFB2-509F-48B0-80F7-088381CF5E85}.Debug|x64.Build.0 = Debug|Any CPU
		{30B4AFB2-509F-48B0-80F7-088381CF5E85}.Debug|x86.ActiveCfg = Debug|Any CPU
		{30B4AFB2-509F-48B0-80F7-088381CF5E85}.Debug|x86.Build.0 = Debug|Any CPU
		{30B4AFB2-509F-48B0-80F7-088381CF5E85}.Release|Any CPU.ActiveCfg = Release|Any CPU
		{30B4AFB2-509F-48B0-80F7-088381CF5E85}.Release|Any CPU.Build.0 = Release|Any CPU
		{30B4AFB2-509F-48B0-80F7-088381CF5E85}.Release|x64.ActiveCfg = Release|Any CPU
		{30B4AFB2-509F-48B0-80F7-088381CF5E85}.Release|x64.Build.0 = Release|Any CPU
		{30B4AFB2-509F-48B0-80F7-088381CF5E85}.Release|x86.ActiveCfg = Release|Any CPU
		{30B4AFB2-509F-48B0-80F7-088381CF5E85}.Release|x86.Build.0 = Release|Any CPU
	EndGlobalSection
	GlobalSection(NestedProjects) = preSolution
		{9261C25B-8FC8-448E-A5F3-613F58DEA069} = {03040EA5-C4AA-4975-8152-EA8A5C251FB9}
		{55311C49-2CBD-4617-ABE1-4E352F37145B} = {03040EA5-C4AA-4975-8152-EA8A5C251FB9}
		{9EA529C2-CC4C-42B4-B0A0-557BDA4AF97C} = {03040EA5-C4AA-4975-8152-EA8A5C251FB9}
		{F0548B93-D307-463A-AE33-794B17DB3455} = {03040EA5-C4AA-4975-8152-EA8A5C251FB9}
		{04965783-A24D-48CF-AC11-7E64CA2C7422} = {D15AA996-012D-4DFD-80F5-5763A8ED6656}
		{6A537AEA-7D42-4288-89CB-A04164579944} = {B618DD6A-6620-4652-A727-A3B309538788}
		{3F6B92FB-B0AD-4A9F-BEC4-234480D0F666} = {B618DD6A-6620-4652-A727-A3B309538788}
		{FAB6D79B-C3CD-4322-9ABA-3AD14168649F} = {B618DD6A-6620-4652-A727-A3B309538788}
		{10BF5E73-D1DD-4B0E-B1F3-226387D30600} = {B618DD6A-6620-4652-A727-A3B309538788}
		{7237DA7D-8328-4B16-B700-B380898B5E03} = {979B3191-8EDF-42E3-B43B-3014E0DFDD64}
		{6BB63DCF-F772-4C30-84C8-40814A425483} = {979B3191-8EDF-42E3-B43B-3014E0DFDD64}
		{9F20BDD5-4424-4C9C-B480-0E9D29C5DB68} = {979B3191-8EDF-42E3-B43B-3014E0DFDD64}
		{30B4AFB2-509F-48B0-80F7-088381CF5E85} = {979B3191-8EDF-42E3-B43B-3014E0DFDD64}
	EndGlobalSection
EndGlobal
