
Microsoft Visual Studio Solution File, Format Version 12.00
# Visual Studio 15
VisualStudioVersion = 15.0.26124.0
MinimumVisualStudioVersion = 15.0.26124.0
Project("{2150E333-8FDC-42A3-9474-1A3956D46DE8}") = "Pacco.Services.Availability", "Pacco.Services.Availability", "{03040EA5-C4AA-4975-8152-EA8A5C251FB9}"
EndProject
Project("{2150E333-8FDC-42A3-9474-1A3956D46DE8}") = "MicroPack", "MicroPack", "{D15AA996-012D-4DFD-80F5-5763A8ED6656}"
EndProject
Project("{FAE04EC0-301F-11D3-BF4B-00C04F79EFBC}") = "MicroPack", "MicroPack\src\MicroPack.csproj", "{04965783-A24D-48CF-AC11-7E64CA2C7422}"
EndProject
Project("{2150E333-8FDC-42A3-9474-1A3956D46DE8}") = "Pacco.Services.Identity", "Pacco.Services.Identity", "{979B3191-8EDF-42E3-B43B-3014E0DFDD64}"
EndProject
Project("{2150E333-8FDC-42A3-9474-1A3956D46DE8}") = "Pacco.Services.Customers", "Pacco.Services.Customers", "{B618DD6A-6620-4652-A727-A3B309538788}"
EndProject
Project("{FAE04EC0-301F-11D3-BF4B-00C04F79EFBC}") = "Pacco.Services.Customers.Api", "Pacco.Services.Customers\src\Pacco.Services.Customers.Api\Pacco.Services.Customers.Api.csproj", "{6A537AEA-7D42-4288-89CB-A04164579944}"
EndProject
Project("{FAE04EC0-301F-11D3-BF4B-00C04F79EFBC}") = "Pacco.Services.Customers.Application", "Pacco.Services.Customers\src\Pacco.Services.Customers.Application\Pacco.Services.Customers.Application.csproj", "{3F6B92FB-B0AD-4A9F-BEC4-234480D0F666}"
EndProject
Project("{FAE04EC0-301F-11D3-BF4B-00C04F79EFBC}") = "Pacco.Services.Customers.Core", "Pacco.Services.Customers\src\Pacco.Services.Customers.Core\Pacco.Services.Customers.Core.csproj", "{FAB6D79B-C3CD-4322-9ABA-3AD14168649F}"
EndProject
Project("{FAE04EC0-301F-11D3-BF4B-00C04F79EFBC}") = "Pacco.Services.Customers.Infrastructure", "Pacco.Services.Customers\src\Pacco.Services.Customers.Infrastructure\Pacco.Services.Customers.Infrastructure.csproj", "{10BF5E73-D1DD-4B0E-B1F3-226387D30600}"
EndProject
Project("{FAE04EC0-301F-11D3-BF4B-00C04F79EFBC}") = "Pacco.Services.Identity.Api", "Pacco.Services.Identity\src\Pacco.Services.Identity.Api\Pacco.Services.Identity.Api.csproj", "{7237DA7D-8328-4B16-B700-B380898B5E03}"
EndProject
Project("{FAE04EC0-301F-11D3-BF4B-00C04F79EFBC}") = "Pacco.Services.Identity.Application", "Pacco.Services.Identity\src\Pacco.Services.Identity.Application\Pacco.Services.Identity.Application.csproj", "{6BB63DCF-F772-4C30-84C8-40814A425483}"
EndProject
Project("{FAE04EC0-301F-11D3-BF4B-00C04F79EFBC}") = "Pacco.Services.Identity.Core", "Pacco.Services.Identity\src\Pacco.Services.Identity.Core\Pacco.Services.Identity.Core.csproj", "{9F20BDD5-4424-4C9C-B480-0E9D29C5DB68}"
EndProject
Project("{FAE04EC0-301F-11D3-BF4B-00C04F79EFBC}") = "Pacco.Services.Identity.Infrastructure", "Pacco.Services.Identity\src\Pacco.Services.Identity.Infrastructure\Pacco.Services.Identity.Infrastructure.csproj", "{30B4AFB2-509F-48B0-80F7-088381CF5E85}"
EndProject
Project("{2150E333-8FDC-42A3-9474-1A3956D46DE8}") = "Pacco.APIGateway.Ocelot", "Pacco.APIGateway.Ocelot", "{3EEA11ED-9F04-4EFC-8856-E53B5916BF94}"
EndProject
Project("{FAE04EC0-301F-11D3-BF4B-00C04F79EFBC}") = "Pacco.APIGateway.Ocelot", "Pacco.APIGateway.Ocelot\src\Pacco.APIGateway.Ocelot\Pacco.APIGateway.Ocelot.csproj", "{AAE51BA3-E4F4-4AA0-9E56-B435495A6F39}"
EndProject
Project("{2150E333-8FDC-42A3-9474-1A3956D46DE8}") = "Pacco.Services.Operations", "Pacco.Services.Operations", "{1745DEA9-0089-46BD-908D-CE638A79934E}"
EndProject
Project("{FAE04EC0-301F-11D3-BF4B-00C04F79EFBC}") = "Pacco.Services.Operations.Api", "Pacco.Services.Operations\src\Pacco.Services.Operations.Api\Pacco.Services.Operations.Api.csproj", "{852C3691-824E-44F7-84A4-E8E7121FFB2B}"
EndProject
Project("{FAE04EC0-301F-11D3-BF4B-00C04F79EFBC}") = "Pacco.Services.Operations.GrpcClient", "Pacco.Services.Operations\src\Pacco.Services.Operations.GrpcClient\Pacco.Services.Operations.GrpcClient.csproj", "{DDF20F0D-77EF-4858-8530-E0FD0B30157A}"
EndProject
Project("{2150E333-8FDC-42A3-9474-1A3956D46DE8}") = "tests", "tests", "{258EB8B5-91BE-4671-B792-F0A9F5EFC4B1}"
EndProject
Project("{2150E333-8FDC-42A3-9474-1A3956D46DE8}") = "src", "src", "{1D30352C-0897-46D2-BA07-1B6467F0CE4C}"
EndProject
Project("{FAE04EC0-301F-11D3-BF4B-00C04F79EFBC}") = "Pacco.Services.Availability.Api", "Pacco.Services.Availability\src\Pacco.Services.Availability.Api\Pacco.Services.Availability.Api.csproj", "{8F7347ED-3141-4D22-9222-BF274D3468EB}"
EndProject
Project("{FAE04EC0-301F-11D3-BF4B-00C04F79EFBC}") = "Pacco.Services.Availability.Application", "Pacco.Services.Availability\src\Pacco.Services.Availability.Application\Pacco.Services.Availability.Application.csproj", "{50049D06-456C-40D2-A584-53A8F2AD54AD}"
EndProject
Project("{FAE04EC0-301F-11D3-BF4B-00C04F79EFBC}") = "Pacco.Services.Availability.Core", "Pacco.Services.Availability\src\Pacco.Services.Availability.Core\Pacco.Services.Availability.Core.csproj", "{26D6D45F-D28F-4E1C-BB8D-E7064B8060E6}"
EndProject
Project("{FAE04EC0-301F-11D3-BF4B-00C04F79EFBC}") = "Pacco.Services.Availability.Infrastructure", "Pacco.Services.Availability\src\Pacco.Services.Availability.Infrastructure\Pacco.Services.Availability.Infrastructure.csproj", "{5B0CE364-E4F0-4F50-A885-FFFE31D7C573}"
EndProject
Project("{FAE04EC0-301F-11D3-BF4B-00C04F79EFBC}") = "Pacco.Services.Availability.Tests.EndToEnd", "Pacco.Services.Availability\tests\Pacco.Services.Availability.Tests.EndToEnd\Pacco.Services.Availability.Tests.EndToEnd.csproj", "{793467F1-0FD0-4EED-94ED-E983040E76DA}"
EndProject
Project("{FAE04EC0-301F-11D3-BF4B-00C04F79EFBC}") = "Pacco.Services.Availability.Tests.Integration", "Pacco.Services.Availability\tests\Pacco.Services.Availability.Tests.Integration\Pacco.Services.Availability.Tests.Integration.csproj", "{30651DF6-D94F-4B3B-AE16-63357713F60D}"
EndProject
Project("{FAE04EC0-301F-11D3-BF4B-00C04F79EFBC}") = "Pacco.Services.Availability.Tests.Performance", "Pacco.Services.Availability\tests\Pacco.Services.Availability.Tests.Performance\Pacco.Services.Availability.Tests.Performance.csproj", "{D72CF119-FA5C-48FF-898D-07D6B9EF51B8}"
EndProject
Project("{FAE04EC0-301F-11D3-BF4B-00C04F79EFBC}") = "Pacco.Services.Availability.Tests.Shared", "Pacco.Services.Availability\tests\Pacco.Services.Availability.Tests.Shared\Pacco.Services.Availability.Tests.Shared.csproj", "{E7E3A3D4-2A30-4A2D-85B2-14E46471144A}"
EndProject
Project("{FAE04EC0-301F-11D3-BF4B-00C04F79EFBC}") = "Pacco.Services.Availability.Tests.Unit", "Pacco.Services.Availability\tests\Pacco.Services.Availability.Tests.Unit\Pacco.Services.Availability.Tests.Unit.csproj", "{952D2C64-CAA1-452B-9241-A0FE3DC2E345}"
EndProject
Project("{2150E333-8FDC-42A3-9474-1A3956D46DE8}") = "Pacco.Services.OrderMaker", "Pacco.Services.OrderMaker", "{DE31339E-B9F2-4758-A568-21690A9AC77E}"
EndProject
Project("{FAE04EC0-301F-11D3-BF4B-00C04F79EFBC}") = "Pacco.Services.OrderMaker", "Pacco.Services.OrderMaker\src\Pacco.Services.OrderMaker\Pacco.Services.OrderMaker.csproj", "{DF1D732A-F9B8-47C8-AC31-142F1DFFEA76}"
EndProject
Project("{2150E333-8FDC-42A3-9474-1A3956D46DE8}") = "Pacco.Services.Orders", "Pacco.Services.Orders", "{D76EA6B6-5B84-4408-B175-EAFFC79B9BC8}"
EndProject
Project("{FAE04EC0-301F-11D3-BF4B-00C04F79EFBC}") = "Pacco.Services.Orders.Api", "Pacco.Services.Orders\src\Pacco.Services.Orders.Api\Pacco.Services.Orders.Api.csproj", "{98538934-630B-44B2-B4A4-75CEA8CD93D1}"
EndProject
Project("{FAE04EC0-301F-11D3-BF4B-00C04F79EFBC}") = "Pacco.Services.Orders.Application", "Pacco.Services.Orders\src\Pacco.Services.Orders.Application\Pacco.Services.Orders.Application.csproj", "{CB50D172-E667-4154-9B59-64910FC58376}"
EndProject
Project("{FAE04EC0-301F-11D3-BF4B-00C04F79EFBC}") = "Pacco.Services.Orders.Infrastructure", "Pacco.Services.Orders\src\Pacco.Services.Orders.Infrastructure\Pacco.Services.Orders.Infrastructure.csproj", "{FD56F772-74BF-47FF-A0D0-735A5FE1FC1C}"
EndProject
Project("{FAE04EC0-301F-11D3-BF4B-00C04F79EFBC}") = "Pacco.Services.Orders.Core", "Pacco.Services.Orders\src\Pacco.Services.Orders.Core\Pacco.Services.Orders.Core.csproj", "{DD7C87F7-ED7E-48BF-9EFE-2B2EDC167DF5}"
EndProject
Global
	GlobalSection(SolutionConfigurationPlatforms) = preSolution
		Debug|Any CPU = Debug|Any CPU
		Debug|x64 = Debug|x64
		Debug|x86 = Debug|x86
		Release|Any CPU = Release|Any CPU
		Release|x64 = Release|x64
		Release|x86 = Release|x86
	EndGlobalSection
	GlobalSection(SolutionProperties) = preSolution
		HideSolutionNode = FALSE
	EndGlobalSection
	GlobalSection(ProjectConfigurationPlatforms) = postSolution
		{04965783-A24D-48CF-AC11-7E64CA2C7422}.Debug|Any CPU.ActiveCfg = Debug|Any CPU
		{04965783-A24D-48CF-AC11-7E64CA2C7422}.Debug|Any CPU.Build.0 = Debug|Any CPU
		{04965783-A24D-48CF-AC11-7E64CA2C7422}.Debug|x64.ActiveCfg = Debug|Any CPU
		{04965783-A24D-48CF-AC11-7E64CA2C7422}.Debug|x64.Build.0 = Debug|Any CPU
		{04965783-A24D-48CF-AC11-7E64CA2C7422}.Debug|x86.ActiveCfg = Debug|Any CPU
		{04965783-A24D-48CF-AC11-7E64CA2C7422}.Debug|x86.Build.0 = Debug|Any CPU
		{04965783-A24D-48CF-AC11-7E64CA2C7422}.Release|Any CPU.ActiveCfg = Release|Any CPU
		{04965783-A24D-48CF-AC11-7E64CA2C7422}.Release|Any CPU.Build.0 = Release|Any CPU
		{04965783-A24D-48CF-AC11-7E64CA2C7422}.Release|x64.ActiveCfg = Release|Any CPU
		{04965783-A24D-48CF-AC11-7E64CA2C7422}.Release|x64.Build.0 = Release|Any CPU
		{04965783-A24D-48CF-AC11-7E64CA2C7422}.Release|x86.ActiveCfg = Release|Any CPU
		{04965783-A24D-48CF-AC11-7E64CA2C7422}.Release|x86.Build.0 = Release|Any CPU
		{6A537AEA-7D42-4288-89CB-A04164579944}.Debug|Any CPU.ActiveCfg = Debug|Any CPU
		{6A537AEA-7D42-4288-89CB-A04164579944}.Debug|Any CPU.Build.0 = Debug|Any CPU
		{6A537AEA-7D42-4288-89CB-A04164579944}.Debug|x64.ActiveCfg = Debug|Any CPU
		{6A537AEA-7D42-4288-89CB-A04164579944}.Debug|x64.Build.0 = Debug|Any CPU
		{6A537AEA-7D42-4288-89CB-A04164579944}.Debug|x86.ActiveCfg = Debug|Any CPU
		{6A537AEA-7D42-4288-89CB-A04164579944}.Debug|x86.Build.0 = Debug|Any CPU
		{6A537AEA-7D42-4288-89CB-A04164579944}.Release|Any CPU.ActiveCfg = Release|Any CPU
		{6A537AEA-7D42-4288-89CB-A04164579944}.Release|Any CPU.Build.0 = Release|Any CPU
		{6A537AEA-7D42-4288-89CB-A04164579944}.Release|x64.ActiveCfg = Release|Any CPU
		{6A537AEA-7D42-4288-89CB-A04164579944}.Release|x64.Build.0 = Release|Any CPU
		{6A537AEA-7D42-4288-89CB-A04164579944}.Release|x86.ActiveCfg = Release|Any CPU
		{6A537AEA-7D42-4288-89CB-A04164579944}.Release|x86.Build.0 = Release|Any CPU
		{3F6B92FB-B0AD-4A9F-BEC4-234480D0F666}.Debug|Any CPU.ActiveCfg = Debug|Any CPU
		{3F6B92FB-B0AD-4A9F-BEC4-234480D0F666}.Debug|Any CPU.Build.0 = Debug|Any CPU
		{3F6B92FB-B0AD-4A9F-BEC4-234480D0F666}.Debug|x64.ActiveCfg = Debug|Any CPU
		{3F6B92FB-B0AD-4A9F-BEC4-234480D0F666}.Debug|x64.Build.0 = Debug|Any CPU
		{3F6B92FB-B0AD-4A9F-BEC4-234480D0F666}.Debug|x86.ActiveCfg = Debug|Any CPU
		{3F6B92FB-B0AD-4A9F-BEC4-234480D0F666}.Debug|x86.Build.0 = Debug|Any CPU
		{3F6B92FB-B0AD-4A9F-BEC4-234480D0F666}.Release|Any CPU.ActiveCfg = Release|Any CPU
		{3F6B92FB-B0AD-4A9F-BEC4-234480D0F666}.Release|Any CPU.Build.0 = Release|Any CPU
		{3F6B92FB-B0AD-4A9F-BEC4-234480D0F666}.Release|x64.ActiveCfg = Release|Any CPU
		{3F6B92FB-B0AD-4A9F-BEC4-234480D0F666}.Release|x64.Build.0 = Release|Any CPU
		{3F6B92FB-B0AD-4A9F-BEC4-234480D0F666}.Release|x86.ActiveCfg = Release|Any CPU
		{3F6B92FB-B0AD-4A9F-BEC4-234480D0F666}.Release|x86.Build.0 = Release|Any CPU
		{FAB6D79B-C3CD-4322-9ABA-3AD14168649F}.Debug|Any CPU.ActiveCfg = Debug|Any CPU
		{FAB6D79B-C3CD-4322-9ABA-3AD14168649F}.Debug|Any CPU.Build.0 = Debug|Any CPU
		{FAB6D79B-C3CD-4322-9ABA-3AD14168649F}.Debug|x64.ActiveCfg = Debug|Any CPU
		{FAB6D79B-C3CD-4322-9ABA-3AD14168649F}.Debug|x64.Build.0 = Debug|Any CPU
		{FAB6D79B-C3CD-4322-9ABA-3AD14168649F}.Debug|x86.ActiveCfg = Debug|Any CPU
		{FAB6D79B-C3CD-4322-9ABA-3AD14168649F}.Debug|x86.Build.0 = Debug|Any CPU
		{FAB6D79B-C3CD-4322-9ABA-3AD14168649F}.Release|Any CPU.ActiveCfg = Release|Any CPU
		{FAB6D79B-C3CD-4322-9ABA-3AD14168649F}.Release|Any CPU.Build.0 = Release|Any CPU
		{FAB6D79B-C3CD-4322-9ABA-3AD14168649F}.Release|x64.ActiveCfg = Release|Any CPU
		{FAB6D79B-C3CD-4322-9ABA-3AD14168649F}.Release|x64.Build.0 = Release|Any CPU
		{FAB6D79B-C3CD-4322-9ABA-3AD14168649F}.Release|x86.ActiveCfg = Release|Any CPU
		{FAB6D79B-C3CD-4322-9ABA-3AD14168649F}.Release|x86.Build.0 = Release|Any CPU
		{10BF5E73-D1DD-4B0E-B1F3-226387D30600}.Debug|Any CPU.ActiveCfg = Debug|Any CPU
		{10BF5E73-D1DD-4B0E-B1F3-226387D30600}.Debug|Any CPU.Build.0 = Debug|Any CPU
		{10BF5E73-D1DD-4B0E-B1F3-226387D30600}.Debug|x64.ActiveCfg = Debug|Any CPU
		{10BF5E73-D1DD-4B0E-B1F3-226387D30600}.Debug|x64.Build.0 = Debug|Any CPU
		{10BF5E73-D1DD-4B0E-B1F3-226387D30600}.Debug|x86.ActiveCfg = Debug|Any CPU
		{10BF5E73-D1DD-4B0E-B1F3-226387D30600}.Debug|x86.Build.0 = Debug|Any CPU
		{10BF5E73-D1DD-4B0E-B1F3-226387D30600}.Release|Any CPU.ActiveCfg = Release|Any CPU
		{10BF5E73-D1DD-4B0E-B1F3-226387D30600}.Release|Any CPU.Build.0 = Release|Any CPU
		{10BF5E73-D1DD-4B0E-B1F3-226387D30600}.Release|x64.ActiveCfg = Release|Any CPU
		{10BF5E73-D1DD-4B0E-B1F3-226387D30600}.Release|x64.Build.0 = Release|Any CPU
		{10BF5E73-D1DD-4B0E-B1F3-226387D30600}.Release|x86.ActiveCfg = Release|Any CPU
		{10BF5E73-D1DD-4B0E-B1F3-226387D30600}.Release|x86.Build.0 = Release|Any CPU
		{7237DA7D-8328-4B16-B700-B380898B5E03}.Debug|Any CPU.ActiveCfg = Debug|Any CPU
		{7237DA7D-8328-4B16-B700-B380898B5E03}.Debug|Any CPU.Build.0 = Debug|Any CPU
		{7237DA7D-8328-4B16-B700-B380898B5E03}.Debug|x64.ActiveCfg = Debug|Any CPU
		{7237DA7D-8328-4B16-B700-B380898B5E03}.Debug|x64.Build.0 = Debug|Any CPU
		{7237DA7D-8328-4B16-B700-B380898B5E03}.Debug|x86.ActiveCfg = Debug|Any CPU
		{7237DA7D-8328-4B16-B700-B380898B5E03}.Debug|x86.Build.0 = Debug|Any CPU
		{7237DA7D-8328-4B16-B700-B380898B5E03}.Release|Any CPU.ActiveCfg = Release|Any CPU
		{7237DA7D-8328-4B16-B700-B380898B5E03}.Release|Any CPU.Build.0 = Release|Any CPU
		{7237DA7D-8328-4B16-B700-B380898B5E03}.Release|x64.ActiveCfg = Release|Any CPU
		{7237DA7D-8328-4B16-B700-B380898B5E03}.Release|x64.Build.0 = Release|Any CPU
		{7237DA7D-8328-4B16-B700-B380898B5E03}.Release|x86.ActiveCfg = Release|Any CPU
		{7237DA7D-8328-4B16-B700-B380898B5E03}.Release|x86.Build.0 = Release|Any CPU
		{6BB63DCF-F772-4C30-84C8-40814A425483}.Debug|Any CPU.ActiveCfg = Debug|Any CPU
		{6BB63DCF-F772-4C30-84C8-40814A425483}.Debug|Any CPU.Build.0 = Debug|Any CPU
		{6BB63DCF-F772-4C30-84C8-40814A425483}.Debug|x64.ActiveCfg = Debug|Any CPU
		{6BB63DCF-F772-4C30-84C8-40814A425483}.Debug|x64.Build.0 = Debug|Any CPU
		{6BB63DCF-F772-4C30-84C8-40814A425483}.Debug|x86.ActiveCfg = Debug|Any CPU
		{6BB63DCF-F772-4C30-84C8-40814A425483}.Debug|x86.Build.0 = Debug|Any CPU
		{6BB63DCF-F772-4C30-84C8-40814A425483}.Release|Any CPU.ActiveCfg = Release|Any CPU
		{6BB63DCF-F772-4C30-84C8-40814A425483}.Release|Any CPU.Build.0 = Release|Any CPU
		{6BB63DCF-F772-4C30-84C8-40814A425483}.Release|x64.ActiveCfg = Release|Any CPU
		{6BB63DCF-F772-4C30-84C8-40814A425483}.Release|x64.Build.0 = Release|Any CPU
		{6BB63DCF-F772-4C30-84C8-40814A425483}.Release|x86.ActiveCfg = Release|Any CPU
		{6BB63DCF-F772-4C30-84C8-40814A425483}.Release|x86.Build.0 = Release|Any CPU
		{9F20BDD5-4424-4C9C-B480-0E9D29C5DB68}.Debug|Any CPU.ActiveCfg = Debug|Any CPU
		{9F20BDD5-4424-4C9C-B480-0E9D29C5DB68}.Debug|Any CPU.Build.0 = Debug|Any CPU
		{9F20BDD5-4424-4C9C-B480-0E9D29C5DB68}.Debug|x64.ActiveCfg = Debug|Any CPU
		{9F20BDD5-4424-4C9C-B480-0E9D29C5DB68}.Debug|x64.Build.0 = Debug|Any CPU
		{9F20BDD5-4424-4C9C-B480-0E9D29C5DB68}.Debug|x86.ActiveCfg = Debug|Any CPU
		{9F20BDD5-4424-4C9C-B480-0E9D29C5DB68}.Debug|x86.Build.0 = Debug|Any CPU
		{9F20BDD5-4424-4C9C-B480-0E9D29C5DB68}.Release|Any CPU.ActiveCfg = Release|Any CPU
		{9F20BDD5-4424-4C9C-B480-0E9D29C5DB68}.Release|Any CPU.Build.0 = Release|Any CPU
		{9F20BDD5-4424-4C9C-B480-0E9D29C5DB68}.Release|x64.ActiveCfg = Release|Any CPU
		{9F20BDD5-4424-4C9C-B480-0E9D29C5DB68}.Release|x64.Build.0 = Release|Any CPU
		{9F20BDD5-4424-4C9C-B480-0E9D29C5DB68}.Release|x86.ActiveCfg = Release|Any CPU
		{9F20BDD5-4424-4C9C-B480-0E9D29C5DB68}.Release|x86.Build.0 = Release|Any CPU
		{30B4AFB2-509F-48B0-80F7-088381CF5E85}.Debug|Any CPU.ActiveCfg = Debug|Any CPU
		{30B4AFB2-509F-48B0-80F7-088381CF5E85}.Debug|Any CPU.Build.0 = Debug|Any CPU
		{30B4AFB2-509F-48B0-80F7-088381CF5E85}.Debug|x64.ActiveCfg = Debug|Any CPU
		{30B4AFB2-509F-48B0-80F7-088381CF5E85}.Debug|x64.Build.0 = Debug|Any CPU
		{30B4AFB2-509F-48B0-80F7-088381CF5E85}.Debug|x86.ActiveCfg = Debug|Any CPU
		{30B4AFB2-509F-48B0-80F7-088381CF5E85}.Debug|x86.Build.0 = Debug|Any CPU
		{30B4AFB2-509F-48B0-80F7-088381CF5E85}.Release|Any CPU.ActiveCfg = Release|Any CPU
		{30B4AFB2-509F-48B0-80F7-088381CF5E85}.Release|Any CPU.Build.0 = Release|Any CPU
		{30B4AFB2-509F-48B0-80F7-088381CF5E85}.Release|x64.ActiveCfg = Release|Any CPU
		{30B4AFB2-509F-48B0-80F7-088381CF5E85}.Release|x64.Build.0 = Release|Any CPU
		{30B4AFB2-509F-48B0-80F7-088381CF5E85}.Release|x86.ActiveCfg = Release|Any CPU
		{30B4AFB2-509F-48B0-80F7-088381CF5E85}.Release|x86.Build.0 = Release|Any CPU
		{AAE51BA3-E4F4-4AA0-9E56-B435495A6F39}.Debug|Any CPU.ActiveCfg = Debug|Any CPU
		{AAE51BA3-E4F4-4AA0-9E56-B435495A6F39}.Debug|Any CPU.Build.0 = Debug|Any CPU
		{AAE51BA3-E4F4-4AA0-9E56-B435495A6F39}.Debug|x64.ActiveCfg = Debug|Any CPU
		{AAE51BA3-E4F4-4AA0-9E56-B435495A6F39}.Debug|x64.Build.0 = Debug|Any CPU
		{AAE51BA3-E4F4-4AA0-9E56-B435495A6F39}.Debug|x86.ActiveCfg = Debug|Any CPU
		{AAE51BA3-E4F4-4AA0-9E56-B435495A6F39}.Debug|x86.Build.0 = Debug|Any CPU
		{AAE51BA3-E4F4-4AA0-9E56-B435495A6F39}.Release|Any CPU.ActiveCfg = Release|Any CPU
		{AAE51BA3-E4F4-4AA0-9E56-B435495A6F39}.Release|Any CPU.Build.0 = Release|Any CPU
		{AAE51BA3-E4F4-4AA0-9E56-B435495A6F39}.Release|x64.ActiveCfg = Release|Any CPU
		{AAE51BA3-E4F4-4AA0-9E56-B435495A6F39}.Release|x64.Build.0 = Release|Any CPU
		{AAE51BA3-E4F4-4AA0-9E56-B435495A6F39}.Release|x86.ActiveCfg = Release|Any CPU
		{AAE51BA3-E4F4-4AA0-9E56-B435495A6F39}.Release|x86.Build.0 = Release|Any CPU
		{852C3691-824E-44F7-84A4-E8E7121FFB2B}.Debug|Any CPU.ActiveCfg = Debug|Any CPU
		{852C3691-824E-44F7-84A4-E8E7121FFB2B}.Debug|Any CPU.Build.0 = Debug|Any CPU
		{852C3691-824E-44F7-84A4-E8E7121FFB2B}.Debug|x64.ActiveCfg = Debug|Any CPU
		{852C3691-824E-44F7-84A4-E8E7121FFB2B}.Debug|x64.Build.0 = Debug|Any CPU
		{852C3691-824E-44F7-84A4-E8E7121FFB2B}.Debug|x86.ActiveCfg = Debug|Any CPU
		{852C3691-824E-44F7-84A4-E8E7121FFB2B}.Debug|x86.Build.0 = Debug|Any CPU
		{852C3691-824E-44F7-84A4-E8E7121FFB2B}.Release|Any CPU.ActiveCfg = Release|Any CPU
		{852C3691-824E-44F7-84A4-E8E7121FFB2B}.Release|Any CPU.Build.0 = Release|Any CPU
		{852C3691-824E-44F7-84A4-E8E7121FFB2B}.Release|x64.ActiveCfg = Release|Any CPU
		{852C3691-824E-44F7-84A4-E8E7121FFB2B}.Release|x64.Build.0 = Release|Any CPU
		{852C3691-824E-44F7-84A4-E8E7121FFB2B}.Release|x86.ActiveCfg = Release|Any CPU
		{852C3691-824E-44F7-84A4-E8E7121FFB2B}.Release|x86.Build.0 = Release|Any CPU
		{DDF20F0D-77EF-4858-8530-E0FD0B30157A}.Debug|Any CPU.ActiveCfg = Debug|Any CPU
		{DDF20F0D-77EF-4858-8530-E0FD0B30157A}.Debug|Any CPU.Build.0 = Debug|Any CPU
		{DDF20F0D-77EF-4858-8530-E0FD0B30157A}.Debug|x64.ActiveCfg = Debug|Any CPU
		{DDF20F0D-77EF-4858-8530-E0FD0B30157A}.Debug|x64.Build.0 = Debug|Any CPU
		{DDF20F0D-77EF-4858-8530-E0FD0B30157A}.Debug|x86.ActiveCfg = Debug|Any CPU
		{DDF20F0D-77EF-4858-8530-E0FD0B30157A}.Debug|x86.Build.0 = Debug|Any CPU
		{DDF20F0D-77EF-4858-8530-E0FD0B30157A}.Release|Any CPU.ActiveCfg = Release|Any CPU
		{DDF20F0D-77EF-4858-8530-E0FD0B30157A}.Release|Any CPU.Build.0 = Release|Any CPU
		{DDF20F0D-77EF-4858-8530-E0FD0B30157A}.Release|x64.ActiveCfg = Release|Any CPU
		{DDF20F0D-77EF-4858-8530-E0FD0B30157A}.Release|x64.Build.0 = Release|Any CPU
		{DDF20F0D-77EF-4858-8530-E0FD0B30157A}.Release|x86.ActiveCfg = Release|Any CPU
		{DDF20F0D-77EF-4858-8530-E0FD0B30157A}.Release|x86.Build.0 = Release|Any CPU
		{8F7347ED-3141-4D22-9222-BF274D3468EB}.Debug|Any CPU.ActiveCfg = Debug|Any CPU
		{8F7347ED-3141-4D22-9222-BF274D3468EB}.Debug|Any CPU.Build.0 = Debug|Any CPU
		{8F7347ED-3141-4D22-9222-BF274D3468EB}.Debug|x64.ActiveCfg = Debug|Any CPU
		{8F7347ED-3141-4D22-9222-BF274D3468EB}.Debug|x64.Build.0 = Debug|Any CPU
		{8F7347ED-3141-4D22-9222-BF274D3468EB}.Debug|x86.ActiveCfg = Debug|Any CPU
		{8F7347ED-3141-4D22-9222-BF274D3468EB}.Debug|x86.Build.0 = Debug|Any CPU
		{8F7347ED-3141-4D22-9222-BF274D3468EB}.Release|Any CPU.ActiveCfg = Release|Any CPU
		{8F7347ED-3141-4D22-9222-BF274D3468EB}.Release|Any CPU.Build.0 = Release|Any CPU
		{8F7347ED-3141-4D22-9222-BF274D3468EB}.Release|x64.ActiveCfg = Release|Any CPU
		{8F7347ED-3141-4D22-9222-BF274D3468EB}.Release|x64.Build.0 = Release|Any CPU
		{8F7347ED-3141-4D22-9222-BF274D3468EB}.Release|x86.ActiveCfg = Release|Any CPU
		{8F7347ED-3141-4D22-9222-BF274D3468EB}.Release|x86.Build.0 = Release|Any CPU
		{50049D06-456C-40D2-A584-53A8F2AD54AD}.Debug|Any CPU.ActiveCfg = Debug|Any CPU
		{50049D06-456C-40D2-A584-53A8F2AD54AD}.Debug|Any CPU.Build.0 = Debug|Any CPU
		{50049D06-456C-40D2-A584-53A8F2AD54AD}.Debug|x64.ActiveCfg = Debug|Any CPU
		{50049D06-456C-40D2-A584-53A8F2AD54AD}.Debug|x64.Build.0 = Debug|Any CPU
		{50049D06-456C-40D2-A584-53A8F2AD54AD}.Debug|x86.ActiveCfg = Debug|Any CPU
		{50049D06-456C-40D2-A584-53A8F2AD54AD}.Debug|x86.Build.0 = Debug|Any CPU
		{50049D06-456C-40D2-A584-53A8F2AD54AD}.Release|Any CPU.ActiveCfg = Release|Any CPU
		{50049D06-456C-40D2-A584-53A8F2AD54AD}.Release|Any CPU.Build.0 = Release|Any CPU
		{50049D06-456C-40D2-A584-53A8F2AD54AD}.Release|x64.ActiveCfg = Release|Any CPU
		{50049D06-456C-40D2-A584-53A8F2AD54AD}.Release|x64.Build.0 = Release|Any CPU
		{50049D06-456C-40D2-A584-53A8F2AD54AD}.Release|x86.ActiveCfg = Release|Any CPU
		{50049D06-456C-40D2-A584-53A8F2AD54AD}.Release|x86.Build.0 = Release|Any CPU
		{26D6D45F-D28F-4E1C-BB8D-E7064B8060E6}.Debug|Any CPU.ActiveCfg = Debug|Any CPU
		{26D6D45F-D28F-4E1C-BB8D-E7064B8060E6}.Debug|Any CPU.Build.0 = Debug|Any CPU
		{26D6D45F-D28F-4E1C-BB8D-E7064B8060E6}.Debug|x64.ActiveCfg = Debug|Any CPU
		{26D6D45F-D28F-4E1C-BB8D-E7064B8060E6}.Debug|x64.Build.0 = Debug|Any CPU
		{26D6D45F-D28F-4E1C-BB8D-E7064B8060E6}.Debug|x86.ActiveCfg = Debug|Any CPU
		{26D6D45F-D28F-4E1C-BB8D-E7064B8060E6}.Debug|x86.Build.0 = Debug|Any CPU
		{26D6D45F-D28F-4E1C-BB8D-E7064B8060E6}.Release|Any CPU.ActiveCfg = Release|Any CPU
		{26D6D45F-D28F-4E1C-BB8D-E7064B8060E6}.Release|Any CPU.Build.0 = Release|Any CPU
		{26D6D45F-D28F-4E1C-BB8D-E7064B8060E6}.Release|x64.ActiveCfg = Release|Any CPU
		{26D6D45F-D28F-4E1C-BB8D-E7064B8060E6}.Release|x64.Build.0 = Release|Any CPU
		{26D6D45F-D28F-4E1C-BB8D-E7064B8060E6}.Release|x86.ActiveCfg = Release|Any CPU
		{26D6D45F-D28F-4E1C-BB8D-E7064B8060E6}.Release|x86.Build.0 = Release|Any CPU
		{5B0CE364-E4F0-4F50-A885-FFFE31D7C573}.Debug|Any CPU.ActiveCfg = Debug|Any CPU
		{5B0CE364-E4F0-4F50-A885-FFFE31D7C573}.Debug|Any CPU.Build.0 = Debug|Any CPU
		{5B0CE364-E4F0-4F50-A885-FFFE31D7C573}.Debug|x64.ActiveCfg = Debug|Any CPU
		{5B0CE364-E4F0-4F50-A885-FFFE31D7C573}.Debug|x64.Build.0 = Debug|Any CPU
		{5B0CE364-E4F0-4F50-A885-FFFE31D7C573}.Debug|x86.ActiveCfg = Debug|Any CPU
		{5B0CE364-E4F0-4F50-A885-FFFE31D7C573}.Debug|x86.Build.0 = Debug|Any CPU
		{5B0CE364-E4F0-4F50-A885-FFFE31D7C573}.Release|Any CPU.ActiveCfg = Release|Any CPU
		{5B0CE364-E4F0-4F50-A885-FFFE31D7C573}.Release|Any CPU.Build.0 = Release|Any CPU
		{5B0CE364-E4F0-4F50-A885-FFFE31D7C573}.Release|x64.ActiveCfg = Release|Any CPU
		{5B0CE364-E4F0-4F50-A885-FFFE31D7C573}.Release|x64.Build.0 = Release|Any CPU
		{5B0CE364-E4F0-4F50-A885-FFFE31D7C573}.Release|x86.ActiveCfg = Release|Any CPU
		{5B0CE364-E4F0-4F50-A885-FFFE31D7C573}.Release|x86.Build.0 = Release|Any CPU
		{793467F1-0FD0-4EED-94ED-E983040E76DA}.Debug|Any CPU.ActiveCfg = Debug|Any CPU
		{793467F1-0FD0-4EED-94ED-E983040E76DA}.Debug|Any CPU.Build.0 = Debug|Any CPU
		{793467F1-0FD0-4EED-94ED-E983040E76DA}.Debug|x64.ActiveCfg = Debug|Any CPU
		{793467F1-0FD0-4EED-94ED-E983040E76DA}.Debug|x64.Build.0 = Debug|Any CPU
		{793467F1-0FD0-4EED-94ED-E983040E76DA}.Debug|x86.ActiveCfg = Debug|Any CPU
		{793467F1-0FD0-4EED-94ED-E983040E76DA}.Debug|x86.Build.0 = Debug|Any CPU
		{793467F1-0FD0-4EED-94ED-E983040E76DA}.Release|Any CPU.ActiveCfg = Release|Any CPU
		{793467F1-0FD0-4EED-94ED-E983040E76DA}.Release|Any CPU.Build.0 = Release|Any CPU
		{793467F1-0FD0-4EED-94ED-E983040E76DA}.Release|x64.ActiveCfg = Release|Any CPU
		{793467F1-0FD0-4EED-94ED-E983040E76DA}.Release|x64.Build.0 = Release|Any CPU
		{793467F1-0FD0-4EED-94ED-E983040E76DA}.Release|x86.ActiveCfg = Release|Any CPU
		{793467F1-0FD0-4EED-94ED-E983040E76DA}.Release|x86.Build.0 = Release|Any CPU
		{30651DF6-D94F-4B3B-AE16-63357713F60D}.Debug|Any CPU.ActiveCfg = Debug|Any CPU
		{30651DF6-D94F-4B3B-AE16-63357713F60D}.Debug|Any CPU.Build.0 = Debug|Any CPU
		{30651DF6-D94F-4B3B-AE16-63357713F60D}.Debug|x64.ActiveCfg = Debug|Any CPU
		{30651DF6-D94F-4B3B-AE16-63357713F60D}.Debug|x64.Build.0 = Debug|Any CPU
		{30651DF6-D94F-4B3B-AE16-63357713F60D}.Debug|x86.ActiveCfg = Debug|Any CPU
		{30651DF6-D94F-4B3B-AE16-63357713F60D}.Debug|x86.Build.0 = Debug|Any CPU
		{30651DF6-D94F-4B3B-AE16-63357713F60D}.Release|Any CPU.ActiveCfg = Release|Any CPU
		{30651DF6-D94F-4B3B-AE16-63357713F60D}.Release|Any CPU.Build.0 = Release|Any CPU
		{30651DF6-D94F-4B3B-AE16-63357713F60D}.Release|x64.ActiveCfg = Release|Any CPU
		{30651DF6-D94F-4B3B-AE16-63357713F60D}.Release|x64.Build.0 = Release|Any CPU
		{30651DF6-D94F-4B3B-AE16-63357713F60D}.Release|x86.ActiveCfg = Release|Any CPU
		{30651DF6-D94F-4B3B-AE16-63357713F60D}.Release|x86.Build.0 = Release|Any CPU
		{D72CF119-FA5C-48FF-898D-07D6B9EF51B8}.Debug|Any CPU.ActiveCfg = Debug|Any CPU
		{D72CF119-FA5C-48FF-898D-07D6B9EF51B8}.Debug|Any CPU.Build.0 = Debug|Any CPU
		{D72CF119-FA5C-48FF-898D-07D6B9EF51B8}.Debug|x64.ActiveCfg = Debug|Any CPU
		{D72CF119-FA5C-48FF-898D-07D6B9EF51B8}.Debug|x64.Build.0 = Debug|Any CPU
		{D72CF119-FA5C-48FF-898D-07D6B9EF51B8}.Debug|x86.ActiveCfg = Debug|Any CPU
		{D72CF119-FA5C-48FF-898D-07D6B9EF51B8}.Debug|x86.Build.0 = Debug|Any CPU
		{D72CF119-FA5C-48FF-898D-07D6B9EF51B8}.Release|Any CPU.ActiveCfg = Release|Any CPU
		{D72CF119-FA5C-48FF-898D-07D6B9EF51B8}.Release|Any CPU.Build.0 = Release|Any CPU
		{D72CF119-FA5C-48FF-898D-07D6B9EF51B8}.Release|x64.ActiveCfg = Release|Any CPU
		{D72CF119-FA5C-48FF-898D-07D6B9EF51B8}.Release|x64.Build.0 = Release|Any CPU
		{D72CF119-FA5C-48FF-898D-07D6B9EF51B8}.Release|x86.ActiveCfg = Release|Any CPU
		{D72CF119-FA5C-48FF-898D-07D6B9EF51B8}.Release|x86.Build.0 = Release|Any CPU
		{E7E3A3D4-2A30-4A2D-85B2-14E46471144A}.Debug|Any CPU.ActiveCfg = Debug|Any CPU
		{E7E3A3D4-2A30-4A2D-85B2-14E46471144A}.Debug|Any CPU.Build.0 = Debug|Any CPU
		{E7E3A3D4-2A30-4A2D-85B2-14E46471144A}.Debug|x64.ActiveCfg = Debug|Any CPU
		{E7E3A3D4-2A30-4A2D-85B2-14E46471144A}.Debug|x64.Build.0 = Debug|Any CPU
		{E7E3A3D4-2A30-4A2D-85B2-14E46471144A}.Debug|x86.ActiveCfg = Debug|Any CPU
		{E7E3A3D4-2A30-4A2D-85B2-14E46471144A}.Debug|x86.Build.0 = Debug|Any CPU
		{E7E3A3D4-2A30-4A2D-85B2-14E46471144A}.Release|Any CPU.ActiveCfg = Release|Any CPU
		{E7E3A3D4-2A30-4A2D-85B2-14E46471144A}.Release|Any CPU.Build.0 = Release|Any CPU
		{E7E3A3D4-2A30-4A2D-85B2-14E46471144A}.Release|x64.ActiveCfg = Release|Any CPU
		{E7E3A3D4-2A30-4A2D-85B2-14E46471144A}.Release|x64.Build.0 = Release|Any CPU
		{E7E3A3D4-2A30-4A2D-85B2-14E46471144A}.Release|x86.ActiveCfg = Release|Any CPU
		{E7E3A3D4-2A30-4A2D-85B2-14E46471144A}.Release|x86.Build.0 = Release|Any CPU
		{952D2C64-CAA1-452B-9241-A0FE3DC2E345}.Debug|Any CPU.ActiveCfg = Debug|Any CPU
		{952D2C64-CAA1-452B-9241-A0FE3DC2E345}.Debug|Any CPU.Build.0 = Debug|Any CPU
		{952D2C64-CAA1-452B-9241-A0FE3DC2E345}.Debug|x64.ActiveCfg = Debug|Any CPU
		{952D2C64-CAA1-452B-9241-A0FE3DC2E345}.Debug|x64.Build.0 = Debug|Any CPU
		{952D2C64-CAA1-452B-9241-A0FE3DC2E345}.Debug|x86.ActiveCfg = Debug|Any CPU
		{952D2C64-CAA1-452B-9241-A0FE3DC2E345}.Debug|x86.Build.0 = Debug|Any CPU
		{952D2C64-CAA1-452B-9241-A0FE3DC2E345}.Release|Any CPU.ActiveCfg = Release|Any CPU
		{952D2C64-CAA1-452B-9241-A0FE3DC2E345}.Release|Any CPU.Build.0 = Release|Any CPU
		{952D2C64-CAA1-452B-9241-A0FE3DC2E345}.Release|x64.ActiveCfg = Release|Any CPU
		{952D2C64-CAA1-452B-9241-A0FE3DC2E345}.Release|x64.Build.0 = Release|Any CPU
		{952D2C64-CAA1-452B-9241-A0FE3DC2E345}.Release|x86.ActiveCfg = Release|Any CPU
		{952D2C64-CAA1-452B-9241-A0FE3DC2E345}.Release|x86.Build.0 = Release|Any CPU
		{DF1D732A-F9B8-47C8-AC31-142F1DFFEA76}.Debug|Any CPU.ActiveCfg = Debug|Any CPU
		{DF1D732A-F9B8-47C8-AC31-142F1DFFEA76}.Debug|Any CPU.Build.0 = Debug|Any CPU
		{DF1D732A-F9B8-47C8-AC31-142F1DFFEA76}.Debug|x64.ActiveCfg = Debug|Any CPU
		{DF1D732A-F9B8-47C8-AC31-142F1DFFEA76}.Debug|x64.Build.0 = Debug|Any CPU
		{DF1D732A-F9B8-47C8-AC31-142F1DFFEA76}.Debug|x86.ActiveCfg = Debug|Any CPU
		{DF1D732A-F9B8-47C8-AC31-142F1DFFEA76}.Debug|x86.Build.0 = Debug|Any CPU
		{DF1D732A-F9B8-47C8-AC31-142F1DFFEA76}.Release|Any CPU.ActiveCfg = Release|Any CPU
		{DF1D732A-F9B8-47C8-AC31-142F1DFFEA76}.Release|Any CPU.Build.0 = Release|Any CPU
		{DF1D732A-F9B8-47C8-AC31-142F1DFFEA76}.Release|x64.ActiveCfg = Release|Any CPU
		{DF1D732A-F9B8-47C8-AC31-142F1DFFEA76}.Release|x64.Build.0 = Release|Any CPU
		{DF1D732A-F9B8-47C8-AC31-142F1DFFEA76}.Release|x86.ActiveCfg = Release|Any CPU
		{DF1D732A-F9B8-47C8-AC31-142F1DFFEA76}.Release|x86.Build.0 = Release|Any CPU
		{98538934-630B-44B2-B4A4-75CEA8CD93D1}.Debug|Any CPU.ActiveCfg = Debug|Any CPU
		{98538934-630B-44B2-B4A4-75CEA8CD93D1}.Debug|Any CPU.Build.0 = Debug|Any CPU
		{98538934-630B-44B2-B4A4-75CEA8CD93D1}.Debug|x64.ActiveCfg = Debug|Any CPU
		{98538934-630B-44B2-B4A4-75CEA8CD93D1}.Debug|x64.Build.0 = Debug|Any CPU
		{98538934-630B-44B2-B4A4-75CEA8CD93D1}.Debug|x86.ActiveCfg = Debug|Any CPU
		{98538934-630B-44B2-B4A4-75CEA8CD93D1}.Debug|x86.Build.0 = Debug|Any CPU
		{98538934-630B-44B2-B4A4-75CEA8CD93D1}.Release|Any CPU.ActiveCfg = Release|Any CPU
		{98538934-630B-44B2-B4A4-75CEA8CD93D1}.Release|Any CPU.Build.0 = Release|Any CPU
		{98538934-630B-44B2-B4A4-75CEA8CD93D1}.Release|x64.ActiveCfg = Release|Any CPU
		{98538934-630B-44B2-B4A4-75CEA8CD93D1}.Release|x64.Build.0 = Release|Any CPU
		{98538934-630B-44B2-B4A4-75CEA8CD93D1}.Release|x86.ActiveCfg = Release|Any CPU
		{98538934-630B-44B2-B4A4-75CEA8CD93D1}.Release|x86.Build.0 = Release|Any CPU
		{CB50D172-E667-4154-9B59-64910FC58376}.Debug|Any CPU.ActiveCfg = Debug|Any CPU
		{CB50D172-E667-4154-9B59-64910FC58376}.Debug|Any CPU.Build.0 = Debug|Any CPU
		{CB50D172-E667-4154-9B59-64910FC58376}.Debug|x64.ActiveCfg = Debug|Any CPU
		{CB50D172-E667-4154-9B59-64910FC58376}.Debug|x64.Build.0 = Debug|Any CPU
		{CB50D172-E667-4154-9B59-64910FC58376}.Debug|x86.ActiveCfg = Debug|Any CPU
		{CB50D172-E667-4154-9B59-64910FC58376}.Debug|x86.Build.0 = Debug|Any CPU
		{CB50D172-E667-4154-9B59-64910FC58376}.Release|Any CPU.ActiveCfg = Release|Any CPU
		{CB50D172-E667-4154-9B59-64910FC58376}.Release|Any CPU.Build.0 = Release|Any CPU
		{CB50D172-E667-4154-9B59-64910FC58376}.Release|x64.ActiveCfg = Release|Any CPU
		{CB50D172-E667-4154-9B59-64910FC58376}.Release|x64.Build.0 = Release|Any CPU
		{CB50D172-E667-4154-9B59-64910FC58376}.Release|x86.ActiveCfg = Release|Any CPU
		{CB50D172-E667-4154-9B59-64910FC58376}.Release|x86.Build.0 = Release|Any CPU
		{FD56F772-74BF-47FF-A0D0-735A5FE1FC1C}.Debug|Any CPU.ActiveCfg = Debug|Any CPU
		{FD56F772-74BF-47FF-A0D0-735A5FE1FC1C}.Debug|Any CPU.Build.0 = Debug|Any CPU
		{FD56F772-74BF-47FF-A0D0-735A5FE1FC1C}.Debug|x64.ActiveCfg = Debug|Any CPU
		{FD56F772-74BF-47FF-A0D0-735A5FE1FC1C}.Debug|x64.Build.0 = Debug|Any CPU
		{FD56F772-74BF-47FF-A0D0-735A5FE1FC1C}.Debug|x86.ActiveCfg = Debug|Any CPU
		{FD56F772-74BF-47FF-A0D0-735A5FE1FC1C}.Debug|x86.Build.0 = Debug|Any CPU
		{FD56F772-74BF-47FF-A0D0-735A5FE1FC1C}.Release|Any CPU.ActiveCfg = Release|Any CPU
		{FD56F772-74BF-47FF-A0D0-735A5FE1FC1C}.Release|Any CPU.Build.0 = Release|Any CPU
		{FD56F772-74BF-47FF-A0D0-735A5FE1FC1C}.Release|x64.ActiveCfg = Release|Any CPU
		{FD56F772-74BF-47FF-A0D0-735A5FE1FC1C}.Release|x64.Build.0 = Release|Any CPU
		{FD56F772-74BF-47FF-A0D0-735A5FE1FC1C}.Release|x86.ActiveCfg = Release|Any CPU
		{FD56F772-74BF-47FF-A0D0-735A5FE1FC1C}.Release|x86.Build.0 = Release|Any CPU
		{DD7C87F7-ED7E-48BF-9EFE-2B2EDC167DF5}.Debug|Any CPU.ActiveCfg = Debug|Any CPU
		{DD7C87F7-ED7E-48BF-9EFE-2B2EDC167DF5}.Debug|Any CPU.Build.0 = Debug|Any CPU
		{DD7C87F7-ED7E-48BF-9EFE-2B2EDC167DF5}.Debug|x64.ActiveCfg = Debug|Any CPU
		{DD7C87F7-ED7E-48BF-9EFE-2B2EDC167DF5}.Debug|x64.Build.0 = Debug|Any CPU
		{DD7C87F7-ED7E-48BF-9EFE-2B2EDC167DF5}.Debug|x86.ActiveCfg = Debug|Any CPU
		{DD7C87F7-ED7E-48BF-9EFE-2B2EDC167DF5}.Debug|x86.Build.0 = Debug|Any CPU
		{DD7C87F7-ED7E-48BF-9EFE-2B2EDC167DF5}.Release|Any CPU.ActiveCfg = Release|Any CPU
		{DD7C87F7-ED7E-48BF-9EFE-2B2EDC167DF5}.Release|Any CPU.Build.0 = Release|Any CPU
		{DD7C87F7-ED7E-48BF-9EFE-2B2EDC167DF5}.Release|x64.ActiveCfg = Release|Any CPU
		{DD7C87F7-ED7E-48BF-9EFE-2B2EDC167DF5}.Release|x64.Build.0 = Release|Any CPU
		{DD7C87F7-ED7E-48BF-9EFE-2B2EDC167DF5}.Release|x86.ActiveCfg = Release|Any CPU
		{DD7C87F7-ED7E-48BF-9EFE-2B2EDC167DF5}.Release|x86.Build.0 = Release|Any CPU
	EndGlobalSection
	GlobalSection(NestedProjects) = preSolution
		{04965783-A24D-48CF-AC11-7E64CA2C7422} = {D15AA996-012D-4DFD-80F5-5763A8ED6656}
		{6A537AEA-7D42-4288-89CB-A04164579944} = {B618DD6A-6620-4652-A727-A3B309538788}
		{3F6B92FB-B0AD-4A9F-BEC4-234480D0F666} = {B618DD6A-6620-4652-A727-A3B309538788}
		{FAB6D79B-C3CD-4322-9ABA-3AD14168649F} = {B618DD6A-6620-4652-A727-A3B309538788}
		{10BF5E73-D1DD-4B0E-B1F3-226387D30600} = {B618DD6A-6620-4652-A727-A3B309538788}
		{7237DA7D-8328-4B16-B700-B380898B5E03} = {979B3191-8EDF-42E3-B43B-3014E0DFDD64}
		{6BB63DCF-F772-4C30-84C8-40814A425483} = {979B3191-8EDF-42E3-B43B-3014E0DFDD64}
		{9F20BDD5-4424-4C9C-B480-0E9D29C5DB68} = {979B3191-8EDF-42E3-B43B-3014E0DFDD64}
		{30B4AFB2-509F-48B0-80F7-088381CF5E85} = {979B3191-8EDF-42E3-B43B-3014E0DFDD64}
		{AAE51BA3-E4F4-4AA0-9E56-B435495A6F39} = {3EEA11ED-9F04-4EFC-8856-E53B5916BF94}
		{852C3691-824E-44F7-84A4-E8E7121FFB2B} = {1745DEA9-0089-46BD-908D-CE638A79934E}
		{DDF20F0D-77EF-4858-8530-E0FD0B30157A} = {1745DEA9-0089-46BD-908D-CE638A79934E}
		{258EB8B5-91BE-4671-B792-F0A9F5EFC4B1} = {03040EA5-C4AA-4975-8152-EA8A5C251FB9}
		{1D30352C-0897-46D2-BA07-1B6467F0CE4C} = {03040EA5-C4AA-4975-8152-EA8A5C251FB9}
		{8F7347ED-3141-4D22-9222-BF274D3468EB} = {1D30352C-0897-46D2-BA07-1B6467F0CE4C}
		{50049D06-456C-40D2-A584-53A8F2AD54AD} = {1D30352C-0897-46D2-BA07-1B6467F0CE4C}
		{26D6D45F-D28F-4E1C-BB8D-E7064B8060E6} = {1D30352C-0897-46D2-BA07-1B6467F0CE4C}
		{5B0CE364-E4F0-4F50-A885-FFFE31D7C573} = {1D30352C-0897-46D2-BA07-1B6467F0CE4C}
		{793467F1-0FD0-4EED-94ED-E983040E76DA} = {258EB8B5-91BE-4671-B792-F0A9F5EFC4B1}
		{30651DF6-D94F-4B3B-AE16-63357713F60D} = {258EB8B5-91BE-4671-B792-F0A9F5EFC4B1}
		{D72CF119-FA5C-48FF-898D-07D6B9EF51B8} = {258EB8B5-91BE-4671-B792-F0A9F5EFC4B1}
		{E7E3A3D4-2A30-4A2D-85B2-14E46471144A} = {258EB8B5-91BE-4671-B792-F0A9F5EFC4B1}
		{952D2C64-CAA1-452B-9241-A0FE3DC2E345} = {258EB8B5-91BE-4671-B792-F0A9F5EFC4B1}
		{DF1D732A-F9B8-47C8-AC31-142F1DFFEA76} = {DE31339E-B9F2-4758-A568-21690A9AC77E}
		{98538934-630B-44B2-B4A4-75CEA8CD93D1} = {D76EA6B6-5B84-4408-B175-EAFFC79B9BC8}
		{CB50D172-E667-4154-9B59-64910FC58376} = {D76EA6B6-5B84-4408-B175-EAFFC79B9BC8}
		{FD56F772-74BF-47FF-A0D0-735A5FE1FC1C} = {D76EA6B6-5B84-4408-B175-EAFFC79B9BC8}
		{DD7C87F7-ED7E-48BF-9EFE-2B2EDC167DF5} = {D76EA6B6-5B84-4408-B175-EAFFC79B9BC8}
	EndGlobalSection
EndGlobal
